<Project xmlns="http://schemas.microsoft.com/developer/msbuild/2003" ToolsVersion="4.0">
   <ItemGroup>
      <Filter Include="std">
         <UniqueIdentifier>{b1442aec-8c0f-444e-b00a-f7cc758ccd9e}</UniqueIdentifier>
      </Filter>
   </ItemGroup>
   <ItemGroup>
      <Filter Include="std\algorithm">
         <UniqueIdentifier>{2a5083d9-9fa2-46b5-b3cb-7f522a8e3fca}</UniqueIdentifier>
      </Filter>
   </ItemGroup>
   <ItemGroup>
      <Filter Include="std\container">
         <UniqueIdentifier>{375d8d86-7770-4c35-bc40-7534842325dc}</UniqueIdentifier>
      </Filter>
   </ItemGroup>
   <ItemGroup>
      <Filter Include="std\datetime">
         <UniqueIdentifier>{ffedb962-5a9d-4a8b-9f9f-214e8c1ad016}</UniqueIdentifier>
      </Filter>
   </ItemGroup>
   <ItemGroup>
      <Filter Include="std\digest">
         <UniqueIdentifier>{e08cacf4-68c6-448b-8070-9ae7c7c10863}</UniqueIdentifier>
      </Filter>
   </ItemGroup>
   <ItemGroup>
      <Filter Include="std\experimental">
         <UniqueIdentifier>{100db597-4e86-4e44-87b2-ccd909ba2c62}</UniqueIdentifier>
      </Filter>
   </ItemGroup>
   <ItemGroup>
      <Filter Include="std\experimental\allocator">
         <UniqueIdentifier>{8acc1b83-86dd-4e7e-8315-ce1065389021}</UniqueIdentifier>
      </Filter>
   </ItemGroup>
   <ItemGroup>
      <Filter Include="std\experimental\allocator\building_blocks">
         <UniqueIdentifier>{0bfc2891-9c8c-4b1c-b616-3dca648abfa0}</UniqueIdentifier>
      </Filter>
   </ItemGroup>
   <ItemGroup>
      <Filter Include="std\experimental\logger">
         <UniqueIdentifier>{68e93629-092b-4b32-9327-99328314b7af}</UniqueIdentifier>
      </Filter>
   </ItemGroup>
   <ItemGroup>
      <Filter Include="std\internal">
         <UniqueIdentifier>{a930d95b-c282-4c44-a1c1-e9e5aa352439}</UniqueIdentifier>
      </Filter>
   </ItemGroup>
   <ItemGroup>
      <Filter Include="std\internal\digest">
         <UniqueIdentifier>{078ce9c5-1be2-4ad5-a5af-d544c55c51c2}</UniqueIdentifier>
      </Filter>
   </ItemGroup>
   <ItemGroup>
      <Filter Include="std\internal\math">
         <UniqueIdentifier>{62f98a67-a078-493f-98a5-fe60717a12f1}</UniqueIdentifier>
      </Filter>
   </ItemGroup>
   <ItemGroup>
      <Filter Include="std\internal\test">
         <UniqueIdentifier>{17a475a2-8164-488c-b99f-f90d68215798}</UniqueIdentifier>
      </Filter>
   </ItemGroup>
   <ItemGroup>
      <Filter Include="std\internal\windows">
         <UniqueIdentifier>{de6a2c56-8fae-4f02-bb23-5eb81e277a4b}</UniqueIdentifier>
      </Filter>
   </ItemGroup>
   <ItemGroup>
      <Filter Include="std\net">
         <UniqueIdentifier>{57fcabce-974e-4d40-bfff-0627fa69e7e3}</UniqueIdentifier>
      </Filter>
   </ItemGroup>
   <ItemGroup>
      <Filter Include="std\range">
         <UniqueIdentifier>{76b5718d-00bc-4c10-a785-13312857df50}</UniqueIdentifier>
      </Filter>
   </ItemGroup>
   <ItemGroup>
      <Filter Include="std\regex">
         <UniqueIdentifier>{b91be14f-42dc-4a04-a1b0-0051ee308c65}</UniqueIdentifier>
      </Filter>
   </ItemGroup>
   <ItemGroup>
      <Filter Include="std\regex\internal">
         <UniqueIdentifier>{94720f73-9054-4116-a331-e552896cf11b}</UniqueIdentifier>
      </Filter>
   </ItemGroup>
   <ItemGroup>
      <Filter Include="std\uni">
         <UniqueIdentifier>{a9e01cb7-5675-49d4-8f3f-56a056eb8120}</UniqueIdentifier>
      </Filter>
   </ItemGroup>
   <ItemGroup>
      <Filter Include="std\windows">
         <UniqueIdentifier>{c4321d27-112a-4663-affa-be48163cad31}</UniqueIdentifier>
      </Filter>
   </ItemGroup>
   <ItemGroup>
      <Filter Include="etc">
         <UniqueIdentifier>{a468e3b4-364c-4d56-8802-57877da82343}</UniqueIdentifier>
      </Filter>
   </ItemGroup>
   <ItemGroup>
      <Filter Include="etc\c">
         <UniqueIdentifier>{295a3ff1-9724-4bfb-95d9-15ada01620e3}</UniqueIdentifier>
      </Filter>
   </ItemGroup>
   <ItemGroup>
      <Filter Include="etc\c\odbc">
         <UniqueIdentifier>{faca17c6-0846-47fb-90c2-ceeeec6ce195}</UniqueIdentifier>
      </Filter>
   </ItemGroup>
   <ItemGroup>
      <Filter Include="etc\c\zlib">
         <UniqueIdentifier>{bfc31106-f671-4bd2-829d-14ff9f781d93}</UniqueIdentifier>
      </Filter>
   </ItemGroup>
   <ItemGroup>
      <DCompile Include="..\..\phobos\std\algorithm\comparison.d">
         <Filter>std\algorithm</Filter>
      </DCompile>
   </ItemGroup>
   <ItemGroup>
      <DCompile Include="..\..\phobos\std\algorithm\internal.d">
         <Filter>std\algorithm</Filter>
      </DCompile>
   </ItemGroup>
   <ItemGroup>
      <DCompile Include="..\..\phobos\std\algorithm\iteration.d">
         <Filter>std\algorithm</Filter>
      </DCompile>
   </ItemGroup>
   <ItemGroup>
      <DCompile Include="..\..\phobos\std\algorithm\mutation.d">
         <Filter>std\algorithm</Filter>
      </DCompile>
   </ItemGroup>
   <ItemGroup>
      <DCompile Include="..\..\phobos\std\algorithm\package.d">
         <Filter>std\algorithm</Filter>
      </DCompile>
   </ItemGroup>
   <ItemGroup>
      <DCompile Include="..\..\phobos\std\algorithm\searching.d">
         <Filter>std\algorithm</Filter>
      </DCompile>
   </ItemGroup>
   <ItemGroup>
      <DCompile Include="..\..\phobos\std\algorithm\setops.d">
         <Filter>std\algorithm</Filter>
      </DCompile>
   </ItemGroup>
   <ItemGroup>
      <DCompile Include="..\..\phobos\std\algorithm\sorting.d">
         <Filter>std\algorithm</Filter>
      </DCompile>
   </ItemGroup>
   <ItemGroup>
      <DCompile Include="..\..\phobos\std\array.d">
         <Filter>std</Filter>
      </DCompile>
   </ItemGroup>
   <ItemGroup>
      <DCompile Include="..\..\phobos\std\ascii.d">
         <Filter>std</Filter>
      </DCompile>
   </ItemGroup>
   <ItemGroup>
      <DCompile Include="..\..\phobos\std\base64.d">
         <Filter>std</Filter>
      </DCompile>
   </ItemGroup>
   <ItemGroup>
      <DCompile Include="..\..\phobos\std\bigint.d">
         <Filter>std</Filter>
      </DCompile>
   </ItemGroup>
   <ItemGroup>
      <DCompile Include="..\..\phobos\std\bitmanip.d">
         <Filter>std</Filter>
      </DCompile>
   </ItemGroup>
   <ItemGroup>
      <DCompile Include="..\..\phobos\std\compiler.d">
         <Filter>std</Filter>
      </DCompile>
   </ItemGroup>
   <ItemGroup>
      <DCompile Include="..\..\phobos\std\complex.d">
         <Filter>std</Filter>
      </DCompile>
   </ItemGroup>
   <ItemGroup>
      <DCompile Include="..\..\phobos\std\concurrency.d">
         <Filter>std</Filter>
      </DCompile>
   </ItemGroup>
   <ItemGroup>
      <DCompile Include="..\..\phobos\std\container\array.d">
         <Filter>std\container</Filter>
      </DCompile>
   </ItemGroup>
   <ItemGroup>
      <DCompile Include="..\..\phobos\std\container\binaryheap.d">
         <Filter>std\container</Filter>
      </DCompile>
   </ItemGroup>
   <ItemGroup>
      <DCompile Include="..\..\phobos\std\container\dlist.d">
         <Filter>std\container</Filter>
      </DCompile>
   </ItemGroup>
   <ItemGroup>
      <DCompile Include="..\..\phobos\std\container\package.d">
         <Filter>std\container</Filter>
      </DCompile>
   </ItemGroup>
   <ItemGroup>
      <DCompile Include="..\..\phobos\std\container\rbtree.d">
         <Filter>std\container</Filter>
      </DCompile>
   </ItemGroup>
   <ItemGroup>
      <DCompile Include="..\..\phobos\std\container\slist.d">
         <Filter>std\container</Filter>
      </DCompile>
   </ItemGroup>
   <ItemGroup>
      <DCompile Include="..\..\phobos\std\container\util.d">
         <Filter>std\container</Filter>
      </DCompile>
   </ItemGroup>
   <ItemGroup>
      <DCompile Include="..\..\phobos\std\conv.d">
         <Filter>std</Filter>
      </DCompile>
   </ItemGroup>
   <ItemGroup>
      <DCompile Include="..\..\phobos\std\csv.d">
         <Filter>std</Filter>
      </DCompile>
   </ItemGroup>
   <ItemGroup>
      <DCompile Include="..\..\phobos\std\datetime\date.d">
         <Filter>std\datetime</Filter>
      </DCompile>
   </ItemGroup>
   <ItemGroup>
      <DCompile Include="..\..\phobos\std\datetime\interval.d">
         <Filter>std\datetime</Filter>
      </DCompile>
   </ItemGroup>
   <ItemGroup>
      <DCompile Include="..\..\phobos\std\datetime\package.d">
         <Filter>std\datetime</Filter>
      </DCompile>
   </ItemGroup>
   <ItemGroup>
      <DCompile Include="..\..\phobos\std\datetime\stopwatch.d">
         <Filter>std\datetime</Filter>
      </DCompile>
   </ItemGroup>
   <ItemGroup>
      <DCompile Include="..\..\phobos\std\datetime\systime.d">
         <Filter>std\datetime</Filter>
      </DCompile>
   </ItemGroup>
   <ItemGroup>
      <DCompile Include="..\..\phobos\std\datetime\timezone.d">
         <Filter>std\datetime</Filter>
      </DCompile>
   </ItemGroup>
   <ItemGroup>
      <DCompile Include="..\..\phobos\std\demangle.d">
         <Filter>std</Filter>
      </DCompile>
   </ItemGroup>
   <ItemGroup>
      <DCompile Include="..\..\phobos\std\digest\crc.d">
         <Filter>std\digest</Filter>
      </DCompile>
   </ItemGroup>
   <ItemGroup>
      <DCompile Include="..\..\phobos\std\digest\digest.d">
         <Filter>std\digest</Filter>
      </DCompile>
   </ItemGroup>
   <ItemGroup>
      <DCompile Include="..\..\phobos\std\digest\hmac.d">
         <Filter>std\digest</Filter>
      </DCompile>
   </ItemGroup>
   <ItemGroup>
      <DCompile Include="..\..\phobos\std\digest\md.d">
         <Filter>std\digest</Filter>
      </DCompile>
   </ItemGroup>
   <ItemGroup>
      <DCompile Include="..\..\phobos\std\digest\murmurhash.d">
         <Filter>std\digest</Filter>
      </DCompile>
   </ItemGroup>
   <ItemGroup>
      <DCompile Include="..\..\phobos\std\digest\package.d">
         <Filter>std\digest</Filter>
      </DCompile>
   </ItemGroup>
   <ItemGroup>
      <DCompile Include="..\..\phobos\std\digest\ripemd.d">
         <Filter>std\digest</Filter>
      </DCompile>
   </ItemGroup>
   <ItemGroup>
      <DCompile Include="..\..\phobos\std\digest\sha.d">
         <Filter>std\digest</Filter>
      </DCompile>
   </ItemGroup>
   <ItemGroup>
      <DCompile Include="..\..\phobos\std\encoding.d">
         <Filter>std</Filter>
      </DCompile>
   </ItemGroup>
   <ItemGroup>
      <DCompile Include="..\..\phobos\std\exception.d">
         <Filter>std</Filter>
      </DCompile>
   </ItemGroup>
   <ItemGroup>
      <DCompile Include="..\..\phobos\std\experimental\allocator\building_blocks\affix_allocator.d">
         <Filter>std\experimental\allocator\building_blocks</Filter>
      </DCompile>
   </ItemGroup>
   <ItemGroup>
      <DCompile Include="..\..\phobos\std\experimental\allocator\building_blocks\aligned_block_list.d">
         <Filter>std\experimental\allocator\building_blocks</Filter>
      </DCompile>
   </ItemGroup>
   <ItemGroup>
      <DCompile Include="..\..\phobos\std\experimental\allocator\building_blocks\allocator_list.d">
         <Filter>std\experimental\allocator\building_blocks</Filter>
      </DCompile>
   </ItemGroup>
   <ItemGroup>
      <DCompile Include="..\..\phobos\std\experimental\allocator\building_blocks\ascending_page_allocator.d">
         <Filter>std\experimental\allocator\building_blocks</Filter>
      </DCompile>
   </ItemGroup>
   <ItemGroup>
      <DCompile Include="..\..\phobos\std\experimental\allocator\building_blocks\bitmapped_block.d">
         <Filter>std\experimental\allocator\building_blocks</Filter>
      </DCompile>
   </ItemGroup>
   <ItemGroup>
      <DCompile Include="..\..\phobos\std\experimental\allocator\building_blocks\bucketizer.d">
         <Filter>std\experimental\allocator\building_blocks</Filter>
      </DCompile>
   </ItemGroup>
   <ItemGroup>
      <DCompile Include="..\..\phobos\std\experimental\allocator\building_blocks\fallback_allocator.d">
         <Filter>std\experimental\allocator\building_blocks</Filter>
      </DCompile>
   </ItemGroup>
   <ItemGroup>
      <DCompile Include="..\..\phobos\std\experimental\allocator\building_blocks\free_list.d">
         <Filter>std\experimental\allocator\building_blocks</Filter>
      </DCompile>
   </ItemGroup>
   <ItemGroup>
      <DCompile Include="..\..\phobos\std\experimental\allocator\building_blocks\free_tree.d">
         <Filter>std\experimental\allocator\building_blocks</Filter>
      </DCompile>
   </ItemGroup>
   <ItemGroup>
      <DCompile Include="..\..\phobos\std\experimental\allocator\building_blocks\kernighan_ritchie.d">
         <Filter>std\experimental\allocator\building_blocks</Filter>
      </DCompile>
   </ItemGroup>
   <ItemGroup>
      <DCompile Include="..\..\phobos\std\experimental\allocator\building_blocks\null_allocator.d">
         <Filter>std\experimental\allocator\building_blocks</Filter>
      </DCompile>
   </ItemGroup>
   <ItemGroup>
      <DCompile Include="..\..\phobos\std\experimental\allocator\building_blocks\package.d">
         <Filter>std\experimental\allocator\building_blocks</Filter>
      </DCompile>
   </ItemGroup>
   <ItemGroup>
      <DCompile Include="..\..\phobos\std\experimental\allocator\building_blocks\quantizer.d">
         <Filter>std\experimental\allocator\building_blocks</Filter>
      </DCompile>
   </ItemGroup>
   <ItemGroup>
      <DCompile Include="..\..\phobos\std\experimental\allocator\building_blocks\region.d">
         <Filter>std\experimental\allocator\building_blocks</Filter>
      </DCompile>
   </ItemGroup>
   <ItemGroup>
      <DCompile Include="..\..\phobos\std\experimental\allocator\building_blocks\scoped_allocator.d">
         <Filter>std\experimental\allocator\building_blocks</Filter>
      </DCompile>
   </ItemGroup>
   <ItemGroup>
      <DCompile Include="..\..\phobos\std\experimental\allocator\building_blocks\segregator.d">
         <Filter>std\experimental\allocator\building_blocks</Filter>
      </DCompile>
   </ItemGroup>
   <ItemGroup>
      <DCompile Include="..\..\phobos\std\experimental\allocator\building_blocks\stats_collector.d">
         <Filter>std\experimental\allocator\building_blocks</Filter>
      </DCompile>
   </ItemGroup>
   <ItemGroup>
      <DCompile Include="..\..\phobos\std\experimental\allocator\common.d">
         <Filter>std\experimental\allocator</Filter>
      </DCompile>
   </ItemGroup>
   <ItemGroup>
      <DCompile Include="..\..\phobos\std\experimental\allocator\gc_allocator.d">
         <Filter>std\experimental\allocator</Filter>
      </DCompile>
   </ItemGroup>
   <ItemGroup>
      <DCompile Include="..\..\phobos\std\experimental\allocator\mallocator.d">
         <Filter>std\experimental\allocator</Filter>
      </DCompile>
   </ItemGroup>
   <ItemGroup>
      <DCompile Include="..\..\phobos\std\experimental\allocator\mmap_allocator.d">
         <Filter>std\experimental\allocator</Filter>
      </DCompile>
   </ItemGroup>
   <ItemGroup>
      <DCompile Include="..\..\phobos\std\experimental\allocator\package.d">
         <Filter>std\experimental\allocator</Filter>
      </DCompile>
   </ItemGroup>
   <ItemGroup>
      <DCompile Include="..\..\phobos\std\experimental\allocator\showcase.d">
         <Filter>std\experimental\allocator</Filter>
      </DCompile>
   </ItemGroup>
   <ItemGroup>
      <DCompile Include="..\..\phobos\std\experimental\allocator\typed.d">
         <Filter>std\experimental\allocator</Filter>
      </DCompile>
   </ItemGroup>
   <ItemGroup>
      <DCompile Include="..\..\phobos\std\experimental\checkedint.d">
         <Filter>std\experimental</Filter>
      </DCompile>
   </ItemGroup>
   <ItemGroup>
      <DCompile Include="..\..\phobos\std\experimental\logger\core.d">
         <Filter>std\experimental\logger</Filter>
      </DCompile>
   </ItemGroup>
   <ItemGroup>
      <DCompile Include="..\..\phobos\std\experimental\logger\filelogger.d">
         <Filter>std\experimental\logger</Filter>
      </DCompile>
   </ItemGroup>
   <ItemGroup>
      <DCompile Include="..\..\phobos\std\experimental\logger\multilogger.d">
         <Filter>std\experimental\logger</Filter>
      </DCompile>
   </ItemGroup>
   <ItemGroup>
      <DCompile Include="..\..\phobos\std\experimental\logger\nulllogger.d">
         <Filter>std\experimental\logger</Filter>
      </DCompile>
   </ItemGroup>
   <ItemGroup>
      <DCompile Include="..\..\phobos\std\experimental\logger\package.d">
         <Filter>std\experimental\logger</Filter>
      </DCompile>
   </ItemGroup>
   <ItemGroup>
      <DCompile Include="..\..\phobos\std\experimental\typecons.d">
         <Filter>std\experimental</Filter>
      </DCompile>
   </ItemGroup>
   <ItemGroup>
      <DCompile Include="..\..\phobos\std\file.d">
         <Filter>std</Filter>
      </DCompile>
   </ItemGroup>
   <ItemGroup>
      <DCompile Include="..\..\phobos\std\format.d">
         <Filter>std</Filter>
      </DCompile>
   </ItemGroup>
   <ItemGroup>
      <DCompile Include="..\..\phobos\std\functional.d">
         <Filter>std</Filter>
      </DCompile>
   </ItemGroup>
   <ItemGroup>
      <DCompile Include="..\..\phobos\std\getopt.d">
         <Filter>std</Filter>
      </DCompile>
   </ItemGroup>
   <ItemGroup>
      <DCompile Include="..\..\phobos\std\internal\attributes.d">
         <Filter>std\internal</Filter>
      </DCompile>
   </ItemGroup>
   <ItemGroup>
      <DCompile Include="..\..\phobos\std\internal\cstring.d">
         <Filter>std\internal</Filter>
      </DCompile>
   </ItemGroup>
   <ItemGroup>
      <DCompile Include="..\..\phobos\std\internal\digest\sha_SSSE3.d">
         <Filter>std\internal\digest</Filter>
      </DCompile>
   </ItemGroup>
   <ItemGroup>
      <DCompile Include="..\..\phobos\std\internal\math\biguintcore.d">
         <Filter>std\internal\math</Filter>
      </DCompile>
   </ItemGroup>
   <ItemGroup>
      <DCompile Include="..\..\phobos\std\internal\math\biguintnoasm.d">
         <Filter>std\internal\math</Filter>
      </DCompile>
   </ItemGroup>
   <ItemGroup>
      <DCompile Include="..\..\phobos\std\internal\math\biguintx86.d">
         <Filter>std\internal\math</Filter>
      </DCompile>
   </ItemGroup>
   <ItemGroup>
      <DCompile Include="..\..\phobos\std\internal\math\errorfunction.d">
         <Filter>std\internal\math</Filter>
      </DCompile>
   </ItemGroup>
   <ItemGroup>
      <DCompile Include="..\..\phobos\std\internal\math\gammafunction.d">
         <Filter>std\internal\math</Filter>
      </DCompile>
   </ItemGroup>
   <ItemGroup>
      <DCompile Include="..\..\phobos\std\internal\memory.d">
         <Filter>std\internal</Filter>
      </DCompile>
   </ItemGroup>
   <ItemGroup>
      <DCompile Include="..\..\phobos\std\internal\scopebuffer.d">
         <Filter>std\internal</Filter>
      </DCompile>
   </ItemGroup>
   <ItemGroup>
      <DCompile Include="..\..\phobos\std\internal\test\dummyrange.d">
         <Filter>std\internal\test</Filter>
      </DCompile>
   </ItemGroup>
   <ItemGroup>
      <DCompile Include="..\..\phobos\std\internal\test\range.d">
         <Filter>std\internal\test</Filter>
      </DCompile>
   </ItemGroup>
   <ItemGroup>
      <DCompile Include="..\..\phobos\std\internal\test\uda.d">
         <Filter>std\internal\test</Filter>
      </DCompile>
   </ItemGroup>
   <ItemGroup>
      <DCompile Include="..\..\phobos\std\internal\unicode_comp.d">
         <Filter>std\internal</Filter>
      </DCompile>
   </ItemGroup>
   <ItemGroup>
      <DCompile Include="..\..\phobos\std\internal\unicode_decomp.d">
         <Filter>std\internal</Filter>
      </DCompile>
   </ItemGroup>
   <ItemGroup>
      <DCompile Include="..\..\phobos\std\internal\unicode_grapheme.d">
         <Filter>std\internal</Filter>
      </DCompile>
   </ItemGroup>
   <ItemGroup>
      <DCompile Include="..\..\phobos\std\internal\unicode_norm.d">
         <Filter>std\internal</Filter>
      </DCompile>
   </ItemGroup>
   <ItemGroup>
      <DCompile Include="..\..\phobos\std\internal\unicode_tables.d">
         <Filter>std\internal</Filter>
      </DCompile>
   </ItemGroup>
   <ItemGroup>
      <DCompile Include="..\..\phobos\std\internal\windows\advapi32.d">
         <Filter>std\internal\windows</Filter>
      </DCompile>
   </ItemGroup>
   <ItemGroup>
      <DCompile Include="..\..\phobos\std\json.d">
         <Filter>std</Filter>
      </DCompile>
   </ItemGroup>
   <ItemGroup>
      <DCompile Include="..\..\phobos\std\math.d">
         <Filter>std</Filter>
      </DCompile>
   </ItemGroup>
   <ItemGroup>
      <DCompile Include="..\..\phobos\std\mathspecial.d">
         <Filter>std</Filter>
      </DCompile>
   </ItemGroup>
   <ItemGroup>
      <DCompile Include="..\..\phobos\std\meta.d">
         <Filter>std</Filter>
      </DCompile>
   </ItemGroup>
   <ItemGroup>
      <DCompile Include="..\..\phobos\std\mmfile.d">
         <Filter>std</Filter>
      </DCompile>
   </ItemGroup>
   <ItemGroup>
      <DCompile Include="..\..\phobos\std\net\curl.d">
         <Filter>std\net</Filter>
      </DCompile>
   </ItemGroup>
   <ItemGroup>
      <DCompile Include="..\..\phobos\std\net\isemail.d">
         <Filter>std\net</Filter>
      </DCompile>
   </ItemGroup>
   <ItemGroup>
      <DCompile Include="..\..\phobos\std\numeric.d">
         <Filter>std</Filter>
      </DCompile>
   </ItemGroup>
   <ItemGroup>
      <DCompile Include="..\..\phobos\std\outbuffer.d">
         <Filter>std</Filter>
      </DCompile>
   </ItemGroup>
   <ItemGroup>
      <DCompile Include="..\..\phobos\std\package.d">
         <Filter>std</Filter>
      </DCompile>
   </ItemGroup>
   <ItemGroup>
      <DCompile Include="..\..\phobos\std\parallelism.d">
         <Filter>std</Filter>
      </DCompile>
   </ItemGroup>
   <ItemGroup>
      <DCompile Include="..\..\phobos\std\path.d">
         <Filter>std</Filter>
      </DCompile>
   </ItemGroup>
   <ItemGroup>
      <DCompile Include="..\..\phobos\std\process.d">
         <Filter>std</Filter>
      </DCompile>
   </ItemGroup>
   <ItemGroup>
      <DCompile Include="..\..\phobos\std\random.d">
         <Filter>std</Filter>
      </DCompile>
   </ItemGroup>
   <ItemGroup>
      <DCompile Include="..\..\phobos\std\range\interfaces.d">
         <Filter>std\range</Filter>
      </DCompile>
   </ItemGroup>
   <ItemGroup>
      <DCompile Include="..\..\phobos\std\range\package.d">
         <Filter>std\range</Filter>
      </DCompile>
   </ItemGroup>
   <ItemGroup>
      <DCompile Include="..\..\phobos\std\range\primitives.d">
         <Filter>std\range</Filter>
      </DCompile>
   </ItemGroup>
   <ItemGroup>
      <DCompile Include="..\..\phobos\std\regex\internal\backtracking.d">
         <Filter>std\regex\internal</Filter>
      </DCompile>
   </ItemGroup>
   <ItemGroup>
      <DCompile Include="..\..\phobos\std\regex\internal\generator.d">
         <Filter>std\regex\internal</Filter>
      </DCompile>
   </ItemGroup>
   <ItemGroup>
      <DCompile Include="..\..\phobos\std\regex\internal\ir.d">
         <Filter>std\regex\internal</Filter>
      </DCompile>
   </ItemGroup>
   <ItemGroup>
      <DCompile Include="..\..\phobos\std\regex\internal\kickstart.d">
         <Filter>std\regex\internal</Filter>
      </DCompile>
   </ItemGroup>
   <ItemGroup>
      <DCompile Include="..\..\phobos\std\regex\internal\parser.d">
         <Filter>std\regex\internal</Filter>
      </DCompile>
   </ItemGroup>
   <ItemGroup>
      <DCompile Include="..\..\phobos\std\regex\internal\tests.d">
         <Filter>std\regex\internal</Filter>
      </DCompile>
   </ItemGroup>
   <ItemGroup>
      <DCompile Include="..\..\phobos\std\regex\internal\tests2.d">
         <Filter>std\regex\internal</Filter>
      </DCompile>
   </ItemGroup>
   <ItemGroup>
      <DCompile Include="..\..\phobos\std\regex\internal\thompson.d">
         <Filter>std\regex\internal</Filter>
      </DCompile>
   </ItemGroup>
   <ItemGroup>
      <DCompile Include="..\..\phobos\std\regex\package.d">
         <Filter>std\regex</Filter>
      </DCompile>
   </ItemGroup>
   <ItemGroup>
      <DCompile Include="..\..\phobos\std\signals.d">
         <Filter>std</Filter>
      </DCompile>
   </ItemGroup>
   <ItemGroup>
      <DCompile Include="..\..\phobos\std\socket.d">
         <Filter>std</Filter>
      </DCompile>
   </ItemGroup>
   <ItemGroup>
      <DCompile Include="..\..\phobos\std\stdint.d">
         <Filter>std</Filter>
      </DCompile>
   </ItemGroup>
   <ItemGroup>
      <DCompile Include="..\..\phobos\std\stdio.d">
         <Filter>std</Filter>
      </DCompile>
   </ItemGroup>
   <ItemGroup>
      <DCompile Include="..\..\phobos\std\string.d">
         <Filter>std</Filter>
      </DCompile>
   </ItemGroup>
   <ItemGroup>
      <DCompile Include="..\..\phobos\std\system.d">
         <Filter>std</Filter>
      </DCompile>
   </ItemGroup>
   <ItemGroup>
      <DCompile Include="..\..\phobos\std\traits.d">
         <Filter>std</Filter>
      </DCompile>
   </ItemGroup>
   <ItemGroup>
      <DCompile Include="..\..\phobos\std\typecons.d">
         <Filter>std</Filter>
      </DCompile>
   </ItemGroup>
   <ItemGroup>
      <DCompile Include="..\..\phobos\std\typetuple.d">
         <Filter>std</Filter>
      </DCompile>
   </ItemGroup>
   <ItemGroup>
      <DCompile Include="..\..\phobos\std\uni\package.d">
         <Filter>std\uni</Filter>
      </DCompile>
   </ItemGroup>
   <ItemGroup>
      <DCompile Include="..\..\phobos\std\uri.d">
         <Filter>std</Filter>
      </DCompile>
   </ItemGroup>
   <ItemGroup>
      <DCompile Include="..\..\phobos\std\utf.d">
         <Filter>std</Filter>
      </DCompile>
   </ItemGroup>
   <ItemGroup>
      <DCompile Include="..\..\phobos\std\uuid.d">
         <Filter>std</Filter>
      </DCompile>
   </ItemGroup>
   <ItemGroup>
      <DCompile Include="..\..\phobos\std\variant.d">
         <Filter>std</Filter>
      </DCompile>
   </ItemGroup>
   <ItemGroup>
      <DCompile Include="..\..\phobos\std\windows\charset.d">
         <Filter>std\windows</Filter>
      </DCompile>
   </ItemGroup>
   <ItemGroup>
      <DCompile Include="..\..\phobos\std\windows\registry.d">
         <Filter>std\windows</Filter>
      </DCompile>
   </ItemGroup>
   <ItemGroup>
      <DCompile Include="..\..\phobos\std\windows\syserror.d">
         <Filter>std\windows</Filter>
      </DCompile>
   </ItemGroup>
   <ItemGroup>
      <DCompile Include="..\..\phobos\std\xml.d">
         <Filter>std</Filter>
      </DCompile>
   </ItemGroup>
   <ItemGroup>
      <DCompile Include="..\..\phobos\std\zip.d">
         <Filter>std</Filter>
      </DCompile>
   </ItemGroup>
   <ItemGroup>
      <DCompile Include="..\..\phobos\std\zlib.d">
         <Filter>std</Filter>
      </DCompile>
   </ItemGroup>
   <ItemGroup>
      <DCompile Include="..\..\phobos\etc\c\curl.d">
         <Filter>etc\c</Filter>
      </DCompile>
   </ItemGroup>
   <ItemGroup>
      <DCompile Include="..\..\phobos\etc\c\odbc\sql.d">
         <Filter>etc\c\odbc</Filter>
      </DCompile>
   </ItemGroup>
   <ItemGroup>
      <DCompile Include="..\..\phobos\etc\c\odbc\sqlext.d">
         <Filter>etc\c\odbc</Filter>
      </DCompile>
   </ItemGroup>
   <ItemGroup>
      <DCompile Include="..\..\phobos\etc\c\odbc\sqltypes.d">
         <Filter>etc\c\odbc</Filter>
      </DCompile>
   </ItemGroup>
   <ItemGroup>
      <DCompile Include="..\..\phobos\etc\c\odbc\sqlucode.d">
         <Filter>etc\c\odbc</Filter>
      </DCompile>
   </ItemGroup>
   <ItemGroup>
      <DCompile Include="..\..\phobos\etc\c\sqlite3.d">
         <Filter>etc\c</Filter>
      </DCompile>
   </ItemGroup>
   <ItemGroup>
      <ClCompile Include="..\..\phobos\etc\c\zlib\adler32.c">
         <Filter>etc\c\zlib</Filter>
      </ClCompile>
   </ItemGroup>
   <ItemGroup>
      <ClCompile Include="..\..\phobos\etc\c\zlib\compress.c">
         <Filter>etc\c\zlib</Filter>
      </ClCompile>
   </ItemGroup>
   <ItemGroup>
      <ClCompile Include="..\..\phobos\etc\c\zlib\crc32.c">
         <Filter>etc\c\zlib</Filter>
      </ClCompile>
   </ItemGroup>
   <ItemGroup>
      <ClInclude Include="..\..\phobos\etc\c\zlib\crc32.h">
         <Filter>etc\c\zlib</Filter>
      </ClInclude>
   </ItemGroup>
   <ItemGroup>
      <ClCompile Include="..\..\phobos\etc\c\zlib\deflate.c">
         <Filter>etc\c\zlib</Filter>
      </ClCompile>
   </ItemGroup>
   <ItemGroup>
      <ClInclude Include="..\..\phobos\etc\c\zlib\deflate.h">
         <Filter>etc\c\zlib</Filter>
      </ClInclude>
   </ItemGroup>
   <ItemGroup>
      <ClCompile Include="..\..\phobos\etc\c\zlib\example.c">
         <Filter>etc\c\zlib</Filter>
      </ClCompile>
   </ItemGroup>
   <ItemGroup>
      <ClCompile Include="..\..\phobos\etc\c\zlib\gzclose.c">
         <Filter>etc\c\zlib</Filter>
      </ClCompile>
   </ItemGroup>
   <ItemGroup>
      <ClInclude Include="..\..\phobos\etc\c\zlib\gzguts.h">
         <Filter>etc\c\zlib</Filter>
      </ClInclude>
   </ItemGroup>
   <ItemGroup>
      <ClCompile Include="..\..\phobos\etc\c\zlib\gzlib.c">
         <Filter>etc\c\zlib</Filter>
      </ClCompile>
   </ItemGroup>
   <ItemGroup>
      <ClCompile Include="..\..\phobos\etc\c\zlib\gzread.c">
         <Filter>etc\c\zlib</Filter>
      </ClCompile>
   </ItemGroup>
   <ItemGroup>
      <ClCompile Include="..\..\phobos\etc\c\zlib\gzwrite.c">
         <Filter>etc\c\zlib</Filter>
      </ClCompile>
   </ItemGroup>
   <ItemGroup>
      <ClCompile Include="..\..\phobos\etc\c\zlib\infback.c">
         <Filter>etc\c\zlib</Filter>
      </ClCompile>
   </ItemGroup>
   <ItemGroup>
      <ClCompile Include="..\..\phobos\etc\c\zlib\inffast.c">
         <Filter>etc\c\zlib</Filter>
      </ClCompile>
   </ItemGroup>
   <ItemGroup>
      <ClInclude Include="..\..\phobos\etc\c\zlib\inffast.h">
         <Filter>etc\c\zlib</Filter>
      </ClInclude>
   </ItemGroup>
   <ItemGroup>
      <ClInclude Include="..\..\phobos\etc\c\zlib\inffixed.h">
         <Filter>etc\c\zlib</Filter>
      </ClInclude>
   </ItemGroup>
   <ItemGroup>
      <ClCompile Include="..\..\phobos\etc\c\zlib\inflate.c">
         <Filter>etc\c\zlib</Filter>
      </ClCompile>
   </ItemGroup>
   <ItemGroup>
      <ClInclude Include="..\..\phobos\etc\c\zlib\inflate.h">
         <Filter>etc\c\zlib</Filter>
      </ClInclude>
   </ItemGroup>
   <ItemGroup>
      <ClCompile Include="..\..\phobos\etc\c\zlib\inftrees.c">
         <Filter>etc\c\zlib</Filter>
      </ClCompile>
   </ItemGroup>
   <ItemGroup>
      <ClInclude Include="..\..\phobos\etc\c\zlib\inftrees.h">
         <Filter>etc\c\zlib</Filter>
      </ClInclude>
   </ItemGroup>
   <ItemGroup>
      <None Include="..\..\phobos\etc\c\zlib\linux.mak">
         <Filter>etc\c\zlib</Filter>
      </None>
   </ItemGroup>
   <ItemGroup>
      <ClCompile Include="..\..\phobos\etc\c\zlib\minigzip.c">
         <Filter>etc\c\zlib</Filter>
      </ClCompile>
   </ItemGroup>
   <ItemGroup>
      <None Include="..\..\phobos\etc\c\zlib\osx.mak">
         <Filter>etc\c\zlib</Filter>
      </None>
   </ItemGroup>
   <ItemGroup>
      <ClCompile Include="..\..\phobos\etc\c\zlib\trees.c">
         <Filter>etc\c\zlib</Filter>
      </ClCompile>
   </ItemGroup>
   <ItemGroup>
      <ClInclude Include="..\..\phobos\etc\c\zlib\trees.h">
         <Filter>etc\c\zlib</Filter>
      </ClInclude>
   </ItemGroup>
   <ItemGroup>
      <ClCompile Include="..\..\phobos\etc\c\zlib\uncompr.c">
         <Filter>etc\c\zlib</Filter>
      </ClCompile>
   </ItemGroup>
   <ItemGroup>
      <None Include="..\..\phobos\etc\c\zlib\win32.mak">
         <Filter>etc\c\zlib</Filter>
      </None>
   </ItemGroup>
   <ItemGroup>
      <None Include="..\..\phobos\etc\c\zlib\win64.mak">
         <Filter>etc\c\zlib</Filter>
      </None>
   </ItemGroup>
   <ItemGroup>
      <ClInclude Include="..\..\phobos\etc\c\zlib\zconf.h">
         <Filter>etc\c\zlib</Filter>
      </ClInclude>
   </ItemGroup>
   <ItemGroup>
      <ClInclude Include="..\..\phobos\etc\c\zlib\zlib.h">
         <Filter>etc\c\zlib</Filter>
      </ClInclude>
   </ItemGroup>
   <ItemGroup>
      <ClCompile Include="..\..\phobos\etc\c\zlib\zutil.c">
         <Filter>etc\c\zlib</Filter>
      </ClCompile>
   </ItemGroup>
   <ItemGroup>
      <ClInclude Include="..\..\phobos\etc\c\zlib\zutil.h">
         <Filter>etc\c\zlib</Filter>
      </ClInclude>
   </ItemGroup>
   <ItemGroup>
      <DCompile Include="..\..\phobos\etc\c\zlib.d">
         <Filter>etc\c</Filter>
      </DCompile>
   </ItemGroup>
</Project>
