<Project xmlns="http://schemas.microsoft.com/developer/msbuild/2003" ToolsVersion="4.0">
   <ItemGroup>
      <Filter Include="std">
         <UniqueIdentifier>{833c7490-7003-47d5-8ef6-048763e0a966}</UniqueIdentifier>
      </Filter>
   </ItemGroup>
   <ItemGroup>
      <Filter Include="std\algorithm">
         <UniqueIdentifier>{b925cd08-ad74-44cb-931a-39afb382f066}</UniqueIdentifier>
      </Filter>
   </ItemGroup>
   <ItemGroup>
      <Filter Include="std\container">
         <UniqueIdentifier>{254f2068-6eb2-4d70-aef9-82a4952ea1c9}</UniqueIdentifier>
      </Filter>
   </ItemGroup>
   <ItemGroup>
      <Filter Include="std\datetime">
         <UniqueIdentifier>{6c6eac8f-51e0-46f8-8116-7df31afeb15b}</UniqueIdentifier>
      </Filter>
   </ItemGroup>
   <ItemGroup>
      <Filter Include="std\digest">
         <UniqueIdentifier>{74234cf9-4d1b-473b-9bf7-ace0c898b5f8}</UniqueIdentifier>
      </Filter>
   </ItemGroup>
   <ItemGroup>
      <Filter Include="std\experimental">
         <UniqueIdentifier>{21035e5a-2cd5-474c-9589-b25b096bb56e}</UniqueIdentifier>
      </Filter>
   </ItemGroup>
   <ItemGroup>
      <Filter Include="std\experimental\allocator">
         <UniqueIdentifier>{ce4f8c0f-ba49-4f96-b576-43f12955b2f2}</UniqueIdentifier>
      </Filter>
   </ItemGroup>
   <ItemGroup>
      <Filter Include="std\experimental\allocator\building_blocks">
         <UniqueIdentifier>{cfd6c554-4cef-4a17-87b6-05469a3f2a04}</UniqueIdentifier>
      </Filter>
   </ItemGroup>
   <ItemGroup>
      <Filter Include="std\experimental\logger">
         <UniqueIdentifier>{97760740-8c34-41c3-a635-f02f353593b6}</UniqueIdentifier>
      </Filter>
   </ItemGroup>
   <ItemGroup>
      <Filter Include="std\internal">
         <UniqueIdentifier>{475f17fe-27ff-40d8-95dd-4dc549b34578}</UniqueIdentifier>
      </Filter>
   </ItemGroup>
   <ItemGroup>
      <Filter Include="std\internal\digest">
         <UniqueIdentifier>{d1bc18a3-c7ca-446f-8303-4a211f8b3c4a}</UniqueIdentifier>
      </Filter>
   </ItemGroup>
   <ItemGroup>
      <Filter Include="std\internal\math">
         <UniqueIdentifier>{1f5e625a-603e-4e9c-861e-5ed0bcd2e239}</UniqueIdentifier>
      </Filter>
   </ItemGroup>
   <ItemGroup>
      <Filter Include="std\internal\test">
         <UniqueIdentifier>{c9afbdd9-919b-4568-ad16-46039f6b4528}</UniqueIdentifier>
      </Filter>
   </ItemGroup>
   <ItemGroup>
      <Filter Include="std\internal\windows">
         <UniqueIdentifier>{d6b3fe41-4a6a-405a-b835-2b2208e21c98}</UniqueIdentifier>
      </Filter>
   </ItemGroup>
   <ItemGroup>
      <Filter Include="std\net">
         <UniqueIdentifier>{c38e9902-1b8f-43fb-97eb-b51dd466a942}</UniqueIdentifier>
      </Filter>
   </ItemGroup>
   <ItemGroup>
      <Filter Include="std\range">
         <UniqueIdentifier>{76f68d2e-11c0-4862-a7f8-4938245f9fb1}</UniqueIdentifier>
      </Filter>
   </ItemGroup>
   <ItemGroup>
      <Filter Include="std\regex">
         <UniqueIdentifier>{9c269e44-5bf7-4b74-b23f-3dcc12384481}</UniqueIdentifier>
      </Filter>
   </ItemGroup>
   <ItemGroup>
      <Filter Include="std\regex\internal">
         <UniqueIdentifier>{a74efb0c-1eb9-40b9-a7d1-3650da7a6f87}</UniqueIdentifier>
      </Filter>
   </ItemGroup>
   <ItemGroup>
      <Filter Include="std\windows">
         <UniqueIdentifier>{f38a846e-ad1f-4135-ac47-71302220927e}</UniqueIdentifier>
      </Filter>
   </ItemGroup>
   <ItemGroup>
      <Filter Include="etc">
         <UniqueIdentifier>{0a7e3862-a3e7-4b12-ab46-444b9b137899}</UniqueIdentifier>
      </Filter>
   </ItemGroup>
   <ItemGroup>
      <Filter Include="etc\c">
         <UniqueIdentifier>{b68d3206-4a80-43e2-a85b-8f3d4862b5b3}</UniqueIdentifier>
      </Filter>
   </ItemGroup>
   <ItemGroup>
      <Filter Include="etc\c\odbc">
         <UniqueIdentifier>{d5aa1308-a031-42af-a437-59bcb42c2d5d}</UniqueIdentifier>
      </Filter>
   </ItemGroup>
   <ItemGroup>
      <Filter Include="etc\c\zlib">
         <UniqueIdentifier>{8ef963cf-c28e-418f-8033-8ba0b5da66c2}</UniqueIdentifier>
      </Filter>
   </ItemGroup>
   <ItemGroup>
      <DCompile Include="..\..\phobos\std\algorithm\comparison.d">
         <Filter>std\algorithm</Filter>
      </DCompile>
   </ItemGroup>
   <ItemGroup>
      <DCompile Include="..\..\phobos\std\algorithm\internal.d">
         <Filter>std\algorithm</Filter>
      </DCompile>
   </ItemGroup>
   <ItemGroup>
      <DCompile Include="..\..\phobos\std\algorithm\iteration.d">
         <Filter>std\algorithm</Filter>
      </DCompile>
   </ItemGroup>
   <ItemGroup>
      <DCompile Include="..\..\phobos\std\algorithm\mutation.d">
         <Filter>std\algorithm</Filter>
      </DCompile>
   </ItemGroup>
   <ItemGroup>
      <DCompile Include="..\..\phobos\std\algorithm\package.d">
         <Filter>std\algorithm</Filter>
      </DCompile>
   </ItemGroup>
   <ItemGroup>
      <DCompile Include="..\..\phobos\std\algorithm\searching.d">
         <Filter>std\algorithm</Filter>
      </DCompile>
   </ItemGroup>
   <ItemGroup>
      <DCompile Include="..\..\phobos\std\algorithm\setops.d">
         <Filter>std\algorithm</Filter>
      </DCompile>
   </ItemGroup>
   <ItemGroup>
      <DCompile Include="..\..\phobos\std\algorithm\sorting.d">
         <Filter>std\algorithm</Filter>
      </DCompile>
   </ItemGroup>
   <ItemGroup>
      <DCompile Include="..\..\phobos\std\array.d">
         <Filter>std</Filter>
      </DCompile>
   </ItemGroup>
   <ItemGroup>
      <DCompile Include="..\..\phobos\std\ascii.d">
         <Filter>std</Filter>
      </DCompile>
   </ItemGroup>
   <ItemGroup>
      <DCompile Include="..\..\phobos\std\base64.d">
         <Filter>std</Filter>
      </DCompile>
   </ItemGroup>
   <ItemGroup>
      <DCompile Include="..\..\phobos\std\bigint.d">
         <Filter>std</Filter>
      </DCompile>
   </ItemGroup>
   <ItemGroup>
      <DCompile Include="..\..\phobos\std\bitmanip.d">
         <Filter>std</Filter>
      </DCompile>
   </ItemGroup>
   <ItemGroup>
      <DCompile Include="..\..\phobos\std\compiler.d">
         <Filter>std</Filter>
      </DCompile>
   </ItemGroup>
   <ItemGroup>
      <DCompile Include="..\..\phobos\std\complex.d">
         <Filter>std</Filter>
      </DCompile>
   </ItemGroup>
   <ItemGroup>
      <DCompile Include="..\..\phobos\std\concurrency.d">
         <Filter>std</Filter>
      </DCompile>
   </ItemGroup>
   <ItemGroup>
      <DCompile Include="..\..\phobos\std\container\array.d">
         <Filter>std\container</Filter>
      </DCompile>
   </ItemGroup>
   <ItemGroup>
      <DCompile Include="..\..\phobos\std\container\binaryheap.d">
         <Filter>std\container</Filter>
      </DCompile>
   </ItemGroup>
   <ItemGroup>
      <DCompile Include="..\..\phobos\std\container\dlist.d">
         <Filter>std\container</Filter>
      </DCompile>
   </ItemGroup>
   <ItemGroup>
      <DCompile Include="..\..\phobos\std\container\package.d">
         <Filter>std\container</Filter>
      </DCompile>
   </ItemGroup>
   <ItemGroup>
      <DCompile Include="..\..\phobos\std\container\rbtree.d">
         <Filter>std\container</Filter>
      </DCompile>
   </ItemGroup>
   <ItemGroup>
      <DCompile Include="..\..\phobos\std\container\slist.d">
         <Filter>std\container</Filter>
      </DCompile>
   </ItemGroup>
   <ItemGroup>
      <DCompile Include="..\..\phobos\std\container\util.d">
         <Filter>std\container</Filter>
      </DCompile>
   </ItemGroup>
   <ItemGroup>
      <DCompile Include="..\..\phobos\std\conv.d">
         <Filter>std</Filter>
      </DCompile>
   </ItemGroup>
   <ItemGroup>
      <DCompile Include="..\..\phobos\std\csv.d">
         <Filter>std</Filter>
      </DCompile>
   </ItemGroup>
   <ItemGroup>
      <DCompile Include="..\..\phobos\std\datetime\date.d">
         <Filter>std\datetime</Filter>
      </DCompile>
   </ItemGroup>
   <ItemGroup>
      <DCompile Include="..\..\phobos\std\datetime\interval.d">
         <Filter>std\datetime</Filter>
      </DCompile>
   </ItemGroup>
   <ItemGroup>
      <DCompile Include="..\..\phobos\std\datetime\package.d">
         <Filter>std\datetime</Filter>
      </DCompile>
   </ItemGroup>
   <ItemGroup>
      <DCompile Include="..\..\phobos\std\datetime\stopwatch.d">
         <Filter>std\datetime</Filter>
      </DCompile>
   </ItemGroup>
   <ItemGroup>
      <DCompile Include="..\..\phobos\std\datetime\systime.d">
         <Filter>std\datetime</Filter>
      </DCompile>
   </ItemGroup>
   <ItemGroup>
      <DCompile Include="..\..\phobos\std\datetime\timezone.d">
         <Filter>std\datetime</Filter>
      </DCompile>
   </ItemGroup>
   <ItemGroup>
      <DCompile Include="..\..\phobos\std\demangle.d">
         <Filter>std</Filter>
      </DCompile>
   </ItemGroup>
   <ItemGroup>
      <DCompile Include="..\..\phobos\std\digest\crc.d">
         <Filter>std\digest</Filter>
      </DCompile>
   </ItemGroup>
   <ItemGroup>
      <DCompile Include="..\..\phobos\std\digest\digest.d">
         <Filter>std\digest</Filter>
      </DCompile>
   </ItemGroup>
   <ItemGroup>
      <DCompile Include="..\..\phobos\std\digest\hmac.d">
         <Filter>std\digest</Filter>
      </DCompile>
   </ItemGroup>
   <ItemGroup>
      <DCompile Include="..\..\phobos\std\digest\md.d">
         <Filter>std\digest</Filter>
      </DCompile>
   </ItemGroup>
   <ItemGroup>
      <DCompile Include="..\..\phobos\std\digest\murmurhash.d">
         <Filter>std\digest</Filter>
      </DCompile>
   </ItemGroup>
   <ItemGroup>
      <DCompile Include="..\..\phobos\std\digest\package.d">
         <Filter>std\digest</Filter>
      </DCompile>
   </ItemGroup>
   <ItemGroup>
      <DCompile Include="..\..\phobos\std\digest\ripemd.d">
         <Filter>std\digest</Filter>
      </DCompile>
   </ItemGroup>
   <ItemGroup>
      <DCompile Include="..\..\phobos\std\digest\sha.d">
         <Filter>std\digest</Filter>
      </DCompile>
   </ItemGroup>
   <ItemGroup>
      <DCompile Include="..\..\phobos\std\encoding.d">
         <Filter>std</Filter>
      </DCompile>
   </ItemGroup>
   <ItemGroup>
      <DCompile Include="..\..\phobos\std\exception.d">
         <Filter>std</Filter>
      </DCompile>
   </ItemGroup>
   <ItemGroup>
      <DCompile Include="..\..\phobos\std\experimental\all.d">
         <Filter>std\experimental</Filter>
      </DCompile>
   </ItemGroup>
   <ItemGroup>
      <DCompile Include="..\..\phobos\std\experimental\allocator\building_blocks\affix_allocator.d">
         <Filter>std\experimental\allocator\building_blocks</Filter>
      </DCompile>
   </ItemGroup>
   <ItemGroup>
      <DCompile Include="..\..\phobos\std\experimental\allocator\building_blocks\aligned_block_list.d">
         <Filter>std\experimental\allocator\building_blocks</Filter>
      </DCompile>
   </ItemGroup>
   <ItemGroup>
      <DCompile Include="..\..\phobos\std\experimental\allocator\building_blocks\allocator_list.d">
         <Filter>std\experimental\allocator\building_blocks</Filter>
      </DCompile>
   </ItemGroup>
   <ItemGroup>
      <DCompile Include="..\..\phobos\std\experimental\allocator\building_blocks\ascending_page_allocator.d">
         <Filter>std\experimental\allocator\building_blocks</Filter>
      </DCompile>
   </ItemGroup>
   <ItemGroup>
      <DCompile Include="..\..\phobos\std\experimental\allocator\building_blocks\bitmapped_block.d">
         <Filter>std\experimental\allocator\building_blocks</Filter>
      </DCompile>
   </ItemGroup>
   <ItemGroup>
      <DCompile Include="..\..\phobos\std\experimental\allocator\building_blocks\bucketizer.d">
         <Filter>std\experimental\allocator\building_blocks</Filter>
      </DCompile>
   </ItemGroup>
   <ItemGroup>
      <DCompile Include="..\..\phobos\std\experimental\allocator\building_blocks\fallback_allocator.d">
         <Filter>std\experimental\allocator\building_blocks</Filter>
      </DCompile>
   </ItemGroup>
   <ItemGroup>
      <DCompile Include="..\..\phobos\std\experimental\allocator\building_blocks\free_list.d">
         <Filter>std\experimental\allocator\building_blocks</Filter>
      </DCompile>
   </ItemGroup>
   <ItemGroup>
      <DCompile Include="..\..\phobos\std\experimental\allocator\building_blocks\free_tree.d">
         <Filter>std\experimental\allocator\building_blocks</Filter>
      </DCompile>
   </ItemGroup>
   <ItemGroup>
      <DCompile Include="..\..\phobos\std\experimental\allocator\building_blocks\kernighan_ritchie.d">
         <Filter>std\experimental\allocator\building_blocks</Filter>
      </DCompile>
   </ItemGroup>
   <ItemGroup>
      <DCompile Include="..\..\phobos\std\experimental\allocator\building_blocks\null_allocator.d">
         <Filter>std\experimental\allocator\building_blocks</Filter>
      </DCompile>
   </ItemGroup>
   <ItemGroup>
      <DCompile Include="..\..\phobos\std\experimental\allocator\building_blocks\package.d">
         <Filter>std\experimental\allocator\building_blocks</Filter>
      </DCompile>
   </ItemGroup>
   <ItemGroup>
      <DCompile Include="..\..\phobos\std\experimental\allocator\building_blocks\quantizer.d">
         <Filter>std\experimental\allocator\building_blocks</Filter>
      </DCompile>
   </ItemGroup>
   <ItemGroup>
      <DCompile Include="..\..\phobos\std\experimental\allocator\building_blocks\region.d">
         <Filter>std\experimental\allocator\building_blocks</Filter>
      </DCompile>
   </ItemGroup>
   <ItemGroup>
      <DCompile Include="..\..\phobos\std\experimental\allocator\building_blocks\scoped_allocator.d">
         <Filter>std\experimental\allocator\building_blocks</Filter>
      </DCompile>
   </ItemGroup>
   <ItemGroup>
      <DCompile Include="..\..\phobos\std\experimental\allocator\building_blocks\segregator.d">
         <Filter>std\experimental\allocator\building_blocks</Filter>
      </DCompile>
   </ItemGroup>
   <ItemGroup>
      <DCompile Include="..\..\phobos\std\experimental\allocator\building_blocks\stats_collector.d">
         <Filter>std\experimental\allocator\building_blocks</Filter>
      </DCompile>
   </ItemGroup>
   <ItemGroup>
      <DCompile Include="..\..\phobos\std\experimental\allocator\common.d">
         <Filter>std\experimental\allocator</Filter>
      </DCompile>
   </ItemGroup>
   <ItemGroup>
      <DCompile Include="..\..\phobos\std\experimental\allocator\gc_allocator.d">
         <Filter>std\experimental\allocator</Filter>
      </DCompile>
   </ItemGroup>
   <ItemGroup>
      <DCompile Include="..\..\phobos\std\experimental\allocator\mallocator.d">
         <Filter>std\experimental\allocator</Filter>
      </DCompile>
   </ItemGroup>
   <ItemGroup>
      <DCompile Include="..\..\phobos\std\experimental\allocator\mmap_allocator.d">
         <Filter>std\experimental\allocator</Filter>
      </DCompile>
   </ItemGroup>
   <ItemGroup>
      <DCompile Include="..\..\phobos\std\experimental\allocator\package.d">
         <Filter>std\experimental\allocator</Filter>
      </DCompile>
   </ItemGroup>
   <ItemGroup>
      <DCompile Include="..\..\phobos\std\experimental\allocator\showcase.d">
         <Filter>std\experimental\allocator</Filter>
      </DCompile>
   </ItemGroup>
   <ItemGroup>
      <DCompile Include="..\..\phobos\std\experimental\allocator\typed.d">
         <Filter>std\experimental\allocator</Filter>
      </DCompile>
   </ItemGroup>
   <ItemGroup>
      <DCompile Include="..\..\phobos\std\experimental\checkedint.d">
         <Filter>std\experimental</Filter>
      </DCompile>
   </ItemGroup>
   <ItemGroup>
      <DCompile Include="..\..\phobos\std\experimental\logger\core.d">
         <Filter>std\experimental\logger</Filter>
      </DCompile>
   </ItemGroup>
   <ItemGroup>
      <DCompile Include="..\..\phobos\std\experimental\logger\filelogger.d">
         <Filter>std\experimental\logger</Filter>
      </DCompile>
   </ItemGroup>
   <ItemGroup>
      <DCompile Include="..\..\phobos\std\experimental\logger\multilogger.d">
         <Filter>std\experimental\logger</Filter>
      </DCompile>
   </ItemGroup>
   <ItemGroup>
      <DCompile Include="..\..\phobos\std\experimental\logger\nulllogger.d">
         <Filter>std\experimental\logger</Filter>
      </DCompile>
   </ItemGroup>
   <ItemGroup>
      <DCompile Include="..\..\phobos\std\experimental\logger\package.d">
         <Filter>std\experimental\logger</Filter>
      </DCompile>
   </ItemGroup>
   <ItemGroup>
      <DCompile Include="..\..\phobos\std\experimental\typecons.d">
         <Filter>std\experimental</Filter>
      </DCompile>
   </ItemGroup>
   <ItemGroup>
      <DCompile Include="..\..\phobos\std\file.d">
         <Filter>std</Filter>
      </DCompile>
   </ItemGroup>
   <ItemGroup>
      <DCompile Include="..\..\phobos\std\format.d">
         <Filter>std</Filter>
      </DCompile>
   </ItemGroup>
   <ItemGroup>
      <DCompile Include="..\..\phobos\std\functional.d">
         <Filter>std</Filter>
      </DCompile>
   </ItemGroup>
   <ItemGroup>
      <DCompile Include="..\..\phobos\std\getopt.d">
         <Filter>std</Filter>
      </DCompile>
   </ItemGroup>
   <ItemGroup>
      <DCompile Include="..\..\phobos\std\internal\attributes.d">
         <Filter>std\internal</Filter>
      </DCompile>
   </ItemGroup>
   <ItemGroup>
      <DCompile Include="..\..\phobos\std\internal\cstring.d">
         <Filter>std\internal</Filter>
      </DCompile>
   </ItemGroup>
   <ItemGroup>
      <DCompile Include="..\..\phobos\std\internal\digest\sha_SSSE3.d">
         <Filter>std\internal\digest</Filter>
      </DCompile>
   </ItemGroup>
   <ItemGroup>
      <DCompile Include="..\..\phobos\std\internal\math\biguintcore.d">
         <Filter>std\internal\math</Filter>
      </DCompile>
   </ItemGroup>
   <ItemGroup>
      <DCompile Include="..\..\phobos\std\internal\math\biguintnoasm.d">
         <Filter>std\internal\math</Filter>
      </DCompile>
   </ItemGroup>
   <ItemGroup>
      <DCompile Include="..\..\phobos\std\internal\math\biguintx86.d">
         <Filter>std\internal\math</Filter>
      </DCompile>
   </ItemGroup>
   <ItemGroup>
      <DCompile Include="..\..\phobos\std\internal\math\errorfunction.d">
         <Filter>std\internal\math</Filter>
      </DCompile>
   </ItemGroup>
   <ItemGroup>
      <DCompile Include="..\..\phobos\std\internal\math\gammafunction.d">
         <Filter>std\internal\math</Filter>
      </DCompile>
   </ItemGroup>
   <ItemGroup>
      <DCompile Include="..\..\phobos\std\internal\memory.d">
         <Filter>std\internal</Filter>
      </DCompile>
   </ItemGroup>
   <ItemGroup>
      <DCompile Include="..\..\phobos\std\internal\scopebuffer.d">
         <Filter>std\internal</Filter>
      </DCompile>
   </ItemGroup>
   <ItemGroup>
      <DCompile Include="..\..\phobos\std\internal\test\dummyrange.d">
         <Filter>std\internal\test</Filter>
      </DCompile>
   </ItemGroup>
   <ItemGroup>
      <DCompile Include="..\..\phobos\std\internal\test\range.d">
         <Filter>std\internal\test</Filter>
      </DCompile>
   </ItemGroup>
   <ItemGroup>
      <DCompile Include="..\..\phobos\std\internal\test\uda.d">
         <Filter>std\internal\test</Filter>
      </DCompile>
   </ItemGroup>
   <ItemGroup>
      <DCompile Include="..\..\phobos\std\internal\unicode_comp.d">
         <Filter>std\internal</Filter>
      </DCompile>
   </ItemGroup>
   <ItemGroup>
      <DCompile Include="..\..\phobos\std\internal\unicode_decomp.d">
         <Filter>std\internal</Filter>
      </DCompile>
   </ItemGroup>
   <ItemGroup>
      <DCompile Include="..\..\phobos\std\internal\unicode_grapheme.d">
         <Filter>std\internal</Filter>
      </DCompile>
   </ItemGroup>
   <ItemGroup>
      <DCompile Include="..\..\phobos\std\internal\unicode_norm.d">
         <Filter>std\internal</Filter>
      </DCompile>
   </ItemGroup>
   <ItemGroup>
      <DCompile Include="..\..\phobos\std\internal\unicode_tables.d">
         <Filter>std\internal</Filter>
      </DCompile>
   </ItemGroup>
   <ItemGroup>
      <DCompile Include="..\..\phobos\std\internal\windows\advapi32.d">
         <Filter>std\internal\windows</Filter>
      </DCompile>
   </ItemGroup>
   <ItemGroup>
      <DCompile Include="..\..\phobos\std\json.d">
         <Filter>std</Filter>
      </DCompile>
   </ItemGroup>
   <ItemGroup>
      <DCompile Include="..\..\phobos\std\math.d">
         <Filter>std</Filter>
      </DCompile>
   </ItemGroup>
   <ItemGroup>
      <DCompile Include="..\..\phobos\std\mathspecial.d">
         <Filter>std</Filter>
      </DCompile>
   </ItemGroup>
   <ItemGroup>
      <DCompile Include="..\..\phobos\std\meta.d">
         <Filter>std</Filter>
      </DCompile>
   </ItemGroup>
   <ItemGroup>
      <DCompile Include="..\..\phobos\std\mmfile.d">
         <Filter>std</Filter>
      </DCompile>
   </ItemGroup>
   <ItemGroup>
      <DCompile Include="..\..\phobos\std\net\curl.d">
         <Filter>std\net</Filter>
      </DCompile>
   </ItemGroup>
   <ItemGroup>
      <DCompile Include="..\..\phobos\std\net\isemail.d">
         <Filter>std\net</Filter>
      </DCompile>
   </ItemGroup>
   <ItemGroup>
      <DCompile Include="..\..\phobos\std\numeric.d">
         <Filter>std</Filter>
      </DCompile>
   </ItemGroup>
   <ItemGroup>
      <DCompile Include="..\..\phobos\std\outbuffer.d">
         <Filter>std</Filter>
      </DCompile>
   </ItemGroup>
   <ItemGroup>
      <DCompile Include="..\..\phobos\std\package.d">
         <Filter>std</Filter>
      </DCompile>
   </ItemGroup>
   <ItemGroup>
      <DCompile Include="..\..\phobos\std\parallelism.d">
         <Filter>std</Filter>
      </DCompile>
   </ItemGroup>
   <ItemGroup>
      <DCompile Include="..\..\phobos\std\path.d">
         <Filter>std</Filter>
      </DCompile>
   </ItemGroup>
   <ItemGroup>
      <DCompile Include="..\..\phobos\std\process.d">
         <Filter>std</Filter>
      </DCompile>
   </ItemGroup>
   <ItemGroup>
      <DCompile Include="..\..\phobos\std\random.d">
         <Filter>std</Filter>
      </DCompile>
   </ItemGroup>
   <ItemGroup>
      <DCompile Include="..\..\phobos\std\range\interfaces.d">
         <Filter>std\range</Filter>
      </DCompile>
   </ItemGroup>
   <ItemGroup>
      <DCompile Include="..\..\phobos\std\range\package.d">
         <Filter>std\range</Filter>
      </DCompile>
   </ItemGroup>
   <ItemGroup>
      <DCompile Include="..\..\phobos\std\range\primitives.d">
         <Filter>std\range</Filter>
      </DCompile>
   </ItemGroup>
   <ItemGroup>
      <DCompile Include="..\..\phobos\std\regex\internal\backtracking.d">
         <Filter>std\regex\internal</Filter>
      </DCompile>
   </ItemGroup>
   <ItemGroup>
      <DCompile Include="..\..\phobos\std\regex\internal\generator.d">
         <Filter>std\regex\internal</Filter>
      </DCompile>
   </ItemGroup>
   <ItemGroup>
      <DCompile Include="..\..\phobos\std\regex\internal\ir.d">
         <Filter>std\regex\internal</Filter>
      </DCompile>
   </ItemGroup>
   <ItemGroup>
      <DCompile Include="..\..\phobos\std\regex\internal\kickstart.d">
         <Filter>std\regex\internal</Filter>
      </DCompile>
   </ItemGroup>
   <ItemGroup>
      <DCompile Include="..\..\phobos\std\regex\internal\parser.d">
         <Filter>std\regex\internal</Filter>
      </DCompile>
   </ItemGroup>
   <ItemGroup>
      <DCompile Include="..\..\phobos\std\regex\internal\tests.d">
         <Filter>std\regex\internal</Filter>
      </DCompile>
   </ItemGroup>
   <ItemGroup>
      <DCompile Include="..\..\phobos\std\regex\internal\tests2.d">
         <Filter>std\regex\internal</Filter>
      </DCompile>
   </ItemGroup>
   <ItemGroup>
      <DCompile Include="..\..\phobos\std\regex\internal\thompson.d">
         <Filter>std\regex\internal</Filter>
      </DCompile>
   </ItemGroup>
   <ItemGroup>
      <DCompile Include="..\..\phobos\std\regex\package.d">
         <Filter>std\regex</Filter>
      </DCompile>
   </ItemGroup>
   <ItemGroup>
      <DCompile Include="..\..\phobos\std\signals.d">
         <Filter>std</Filter>
      </DCompile>
   </ItemGroup>
   <ItemGroup>
      <DCompile Include="..\..\phobos\std\socket.d">
         <Filter>std</Filter>
      </DCompile>
   </ItemGroup>
   <ItemGroup>
      <DCompile Include="..\..\phobos\std\stdint.d">
         <Filter>std</Filter>
      </DCompile>
   </ItemGroup>
   <ItemGroup>
      <DCompile Include="..\..\phobos\std\stdio.d">
         <Filter>std</Filter>
      </DCompile>
   </ItemGroup>
   <ItemGroup>
      <DCompile Include="..\..\phobos\std\string.d">
         <Filter>std</Filter>
      </DCompile>
   </ItemGroup>
   <ItemGroup>
      <DCompile Include="..\..\phobos\std\system.d">
         <Filter>std</Filter>
      </DCompile>
   </ItemGroup>
   <ItemGroup>
      <DCompile Include="..\..\phobos\std\traits.d">
         <Filter>std</Filter>
      </DCompile>
   </ItemGroup>
   <ItemGroup>
      <DCompile Include="..\..\phobos\std\typecons.d">
         <Filter>std</Filter>
      </DCompile>
   </ItemGroup>
   <ItemGroup>
      <DCompile Include="..\..\phobos\std\typetuple.d">
         <Filter>std</Filter>
      </DCompile>
   </ItemGroup>
   <ItemGroup>
      <DCompile Include="..\..\phobos\std\uni.d">
         <Filter>std</Filter>
      </DCompile>
   </ItemGroup>
   <ItemGroup>
      <DCompile Include="..\..\phobos\std\uri.d">
         <Filter>std</Filter>
      </DCompile>
   </ItemGroup>
   <ItemGroup>
      <DCompile Include="..\..\phobos\std\utf.d">
         <Filter>std</Filter>
      </DCompile>
   </ItemGroup>
   <ItemGroup>
      <DCompile Include="..\..\phobos\std\uuid.d">
         <Filter>std</Filter>
      </DCompile>
   </ItemGroup>
   <ItemGroup>
      <DCompile Include="..\..\phobos\std\variant.d">
         <Filter>std</Filter>
      </DCompile>
   </ItemGroup>
   <ItemGroup>
      <DCompile Include="..\..\phobos\std\windows\charset.d">
         <Filter>std\windows</Filter>
      </DCompile>
   </ItemGroup>
   <ItemGroup>
      <DCompile Include="..\..\phobos\std\windows\registry.d">
         <Filter>std\windows</Filter>
      </DCompile>
   </ItemGroup>
   <ItemGroup>
      <DCompile Include="..\..\phobos\std\windows\syserror.d">
         <Filter>std\windows</Filter>
      </DCompile>
   </ItemGroup>
   <ItemGroup>
      <DCompile Include="..\..\phobos\std\xml.d">
         <Filter>std</Filter>
      </DCompile>
   </ItemGroup>
   <ItemGroup>
      <DCompile Include="..\..\phobos\std\zip.d">
         <Filter>std</Filter>
      </DCompile>
   </ItemGroup>
   <ItemGroup>
      <DCompile Include="..\..\phobos\std\zlib.d">
         <Filter>std</Filter>
      </DCompile>
   </ItemGroup>
   <ItemGroup>
      <DCompile Include="..\..\phobos\etc\c\curl.d">
         <Filter>etc\c</Filter>
      </DCompile>
   </ItemGroup>
   <ItemGroup>
      <DCompile Include="..\..\phobos\etc\c\odbc\sql.d">
         <Filter>etc\c\odbc</Filter>
      </DCompile>
   </ItemGroup>
   <ItemGroup>
      <DCompile Include="..\..\phobos\etc\c\odbc\sqlext.d">
         <Filter>etc\c\odbc</Filter>
      </DCompile>
   </ItemGroup>
   <ItemGroup>
      <DCompile Include="..\..\phobos\etc\c\odbc\sqltypes.d">
         <Filter>etc\c\odbc</Filter>
      </DCompile>
   </ItemGroup>
   <ItemGroup>
      <DCompile Include="..\..\phobos\etc\c\odbc\sqlucode.d">
         <Filter>etc\c\odbc</Filter>
      </DCompile>
   </ItemGroup>
   <ItemGroup>
      <DCompile Include="..\..\phobos\etc\c\sqlite3.d">
         <Filter>etc\c</Filter>
      </DCompile>
   </ItemGroup>
   <ItemGroup>
      <ClCompile Include="..\..\phobos\etc\c\zlib\adler32.c">
         <Filter>etc\c\zlib</Filter>
      </ClCompile>
   </ItemGroup>
   <ItemGroup>
      <ClCompile Include="..\..\phobos\etc\c\zlib\compress.c">
         <Filter>etc\c\zlib</Filter>
      </ClCompile>
   </ItemGroup>
   <ItemGroup>
      <ClCompile Include="..\..\phobos\etc\c\zlib\crc32.c">
         <Filter>etc\c\zlib</Filter>
      </ClCompile>
   </ItemGroup>
   <ItemGroup>
      <ClInclude Include="..\..\phobos\etc\c\zlib\crc32.h">
         <Filter>etc\c\zlib</Filter>
      </ClInclude>
   </ItemGroup>
   <ItemGroup>
      <ClCompile Include="..\..\phobos\etc\c\zlib\deflate.c">
         <Filter>etc\c\zlib</Filter>
      </ClCompile>
   </ItemGroup>
   <ItemGroup>
      <ClInclude Include="..\..\phobos\etc\c\zlib\deflate.h">
         <Filter>etc\c\zlib</Filter>
      </ClInclude>
   </ItemGroup>
   <ItemGroup>
      <ClCompile Include="..\..\phobos\etc\c\zlib\example.c">
         <Filter>etc\c\zlib</Filter>
      </ClCompile>
   </ItemGroup>
   <ItemGroup>
      <ClCompile Include="..\..\phobos\etc\c\zlib\gzclose.c">
         <Filter>etc\c\zlib</Filter>
      </ClCompile>
   </ItemGroup>
   <ItemGroup>
      <ClInclude Include="..\..\phobos\etc\c\zlib\gzguts.h">
         <Filter>etc\c\zlib</Filter>
      </ClInclude>
   </ItemGroup>
   <ItemGroup>
      <ClCompile Include="..\..\phobos\etc\c\zlib\gzlib.c">
         <Filter>etc\c\zlib</Filter>
      </ClCompile>
   </ItemGroup>
   <ItemGroup>
      <ClCompile Include="..\..\phobos\etc\c\zlib\gzread.c">
         <Filter>etc\c\zlib</Filter>
      </ClCompile>
   </ItemGroup>
   <ItemGroup>
      <ClCompile Include="..\..\phobos\etc\c\zlib\gzwrite.c">
         <Filter>etc\c\zlib</Filter>
      </ClCompile>
   </ItemGroup>
   <ItemGroup>
      <ClCompile Include="..\..\phobos\etc\c\zlib\infback.c">
         <Filter>etc\c\zlib</Filter>
      </ClCompile>
   </ItemGroup>
   <ItemGroup>
      <ClCompile Include="..\..\phobos\etc\c\zlib\inffast.c">
         <Filter>etc\c\zlib</Filter>
      </ClCompile>
   </ItemGroup>
   <ItemGroup>
      <ClInclude Include="..\..\phobos\etc\c\zlib\inffast.h">
         <Filter>etc\c\zlib</Filter>
      </ClInclude>
   </ItemGroup>
   <ItemGroup>
      <ClInclude Include="..\..\phobos\etc\c\zlib\inffixed.h">
         <Filter>etc\c\zlib</Filter>
      </ClInclude>
   </ItemGroup>
   <ItemGroup>
      <ClCompile Include="..\..\phobos\etc\c\zlib\inflate.c">
         <Filter>etc\c\zlib</Filter>
      </ClCompile>
   </ItemGroup>
   <ItemGroup>
      <ClInclude Include="..\..\phobos\etc\c\zlib\inflate.h">
         <Filter>etc\c\zlib</Filter>
      </ClInclude>
   </ItemGroup>
   <ItemGroup>
      <ClCompile Include="..\..\phobos\etc\c\zlib\inftrees.c">
         <Filter>etc\c\zlib</Filter>
      </ClCompile>
   </ItemGroup>
   <ItemGroup>
      <ClInclude Include="..\..\phobos\etc\c\zlib\inftrees.h">
         <Filter>etc\c\zlib</Filter>
      </ClInclude>
   </ItemGroup>
   <ItemGroup>
      <None Include="..\..\phobos\etc\c\zlib\linux.mak">
         <Filter>etc\c\zlib</Filter>
      </None>
   </ItemGroup>
   <ItemGroup>
      <ClCompile Include="..\..\phobos\etc\c\zlib\minigzip.c">
         <Filter>etc\c\zlib</Filter>
      </ClCompile>
   </ItemGroup>
   <ItemGroup>
      <None Include="..\..\phobos\etc\c\zlib\osx.mak">
         <Filter>etc\c\zlib</Filter>
      </None>
   </ItemGroup>
   <ItemGroup>
      <ClCompile Include="..\..\phobos\etc\c\zlib\trees.c">
         <Filter>etc\c\zlib</Filter>
      </ClCompile>
   </ItemGroup>
   <ItemGroup>
      <ClInclude Include="..\..\phobos\etc\c\zlib\trees.h">
         <Filter>etc\c\zlib</Filter>
      </ClInclude>
   </ItemGroup>
   <ItemGroup>
      <ClCompile Include="..\..\phobos\etc\c\zlib\uncompr.c">
         <Filter>etc\c\zlib</Filter>
      </ClCompile>
   </ItemGroup>
   <ItemGroup>
      <None Include="..\..\phobos\etc\c\zlib\win32.mak">
         <Filter>etc\c\zlib</Filter>
      </None>
   </ItemGroup>
   <ItemGroup>
      <None Include="..\..\phobos\etc\c\zlib\win64.mak">
         <Filter>etc\c\zlib</Filter>
      </None>
   </ItemGroup>
   <ItemGroup>
      <ClInclude Include="..\..\phobos\etc\c\zlib\zconf.h">
         <Filter>etc\c\zlib</Filter>
      </ClInclude>
   </ItemGroup>
   <ItemGroup>
      <ClInclude Include="..\..\phobos\etc\c\zlib\zlib.h">
         <Filter>etc\c\zlib</Filter>
      </ClInclude>
   </ItemGroup>
   <ItemGroup>
      <ClCompile Include="..\..\phobos\etc\c\zlib\zutil.c">
         <Filter>etc\c\zlib</Filter>
      </ClCompile>
   </ItemGroup>
   <ItemGroup>
      <ClInclude Include="..\..\phobos\etc\c\zlib\zutil.h">
         <Filter>etc\c\zlib</Filter>
      </ClInclude>
   </ItemGroup>
   <ItemGroup>
      <DCompile Include="..\..\phobos\etc\c\zlib.d">
         <Filter>etc\c</Filter>
      </DCompile>
   </ItemGroup>
</Project>
