<Project xmlns="http://schemas.microsoft.com/developer/msbuild/2003" ToolsVersion="4.0">
   <ItemGroup>
      <Filter Include="std">
         <UniqueIdentifier>{0ddc0cd6-8426-4c47-bec1-f44abdc5d64d}</UniqueIdentifier>
      </Filter>
   </ItemGroup>
   <ItemGroup>
      <Filter Include="std\algorithm">
         <UniqueIdentifier>{62eb7f86-7485-412a-af12-752feaa8690e}</UniqueIdentifier>
      </Filter>
   </ItemGroup>
   <ItemGroup>
      <Filter Include="std\container">
         <UniqueIdentifier>{81a8478a-e6d2-4ff9-964b-09622ccd5910}</UniqueIdentifier>
      </Filter>
   </ItemGroup>
   <ItemGroup>
      <Filter Include="std\datetime">
         <UniqueIdentifier>{80d6d422-e70b-44e5-ae5a-64e133d33280}</UniqueIdentifier>
      </Filter>
   </ItemGroup>
   <ItemGroup>
      <Filter Include="std\digest">
         <UniqueIdentifier>{f0d0ccc0-d7be-40e6-bfdb-8e114131ea12}</UniqueIdentifier>
      </Filter>
   </ItemGroup>
   <ItemGroup>
      <Filter Include="std\experimental">
         <UniqueIdentifier>{124b981c-dc47-4c8a-b1d4-1925152845ca}</UniqueIdentifier>
      </Filter>
   </ItemGroup>
   <ItemGroup>
      <Filter Include="std\experimental\allocator">
         <UniqueIdentifier>{357d561a-764f-4b7c-959c-999a8ff1b939}</UniqueIdentifier>
      </Filter>
   </ItemGroup>
   <ItemGroup>
      <Filter Include="std\experimental\allocator\building_blocks">
         <UniqueIdentifier>{2007fd82-1bdc-4a4c-b814-0500e7569413}</UniqueIdentifier>
      </Filter>
   </ItemGroup>
   <ItemGroup>
      <Filter Include="std\experimental\logger">
         <UniqueIdentifier>{9cfe341b-33a8-48a6-a189-fd33c60388a1}</UniqueIdentifier>
      </Filter>
   </ItemGroup>
   <ItemGroup>
      <Filter Include="std\internal">
         <UniqueIdentifier>{53502cc8-80bd-455e-bbfc-2f27318a135b}</UniqueIdentifier>
      </Filter>
   </ItemGroup>
   <ItemGroup>
      <Filter Include="std\internal\digest">
         <UniqueIdentifier>{599c1007-4a77-405a-a6c2-5d85736f4f25}</UniqueIdentifier>
      </Filter>
   </ItemGroup>
   <ItemGroup>
      <Filter Include="std\internal\math">
         <UniqueIdentifier>{293b7f53-1f8b-48f4-8c69-f6faab977220}</UniqueIdentifier>
      </Filter>
   </ItemGroup>
   <ItemGroup>
      <Filter Include="std\internal\test">
         <UniqueIdentifier>{8ec9b41d-a53e-44b7-9eb9-9a9bb0b9609b}</UniqueIdentifier>
      </Filter>
   </ItemGroup>
   <ItemGroup>
      <Filter Include="std\internal\windows">
         <UniqueIdentifier>{95f42889-fc12-4479-a6bc-e0906568fea5}</UniqueIdentifier>
      </Filter>
   </ItemGroup>
   <ItemGroup>
      <Filter Include="std\net">
         <UniqueIdentifier>{4e4e7453-92e3-45ce-9412-980c08b7a669}</UniqueIdentifier>
      </Filter>
   </ItemGroup>
   <ItemGroup>
      <Filter Include="std\range">
         <UniqueIdentifier>{39da12f7-86d3-4fa5-b0e5-8bc7b91711e5}</UniqueIdentifier>
      </Filter>
   </ItemGroup>
   <ItemGroup>
      <Filter Include="std\regex">
         <UniqueIdentifier>{e41ad6db-c5f2-4f59-ab74-141f1ac17221}</UniqueIdentifier>
      </Filter>
   </ItemGroup>
   <ItemGroup>
      <Filter Include="std\regex\internal">
         <UniqueIdentifier>{0bb175d8-1bd2-4d84-9b7b-ce49262a996c}</UniqueIdentifier>
      </Filter>
   </ItemGroup>
   <ItemGroup>
      <Filter Include="std\windows">
         <UniqueIdentifier>{f664d249-902f-43ea-b86d-e211fe61aa24}</UniqueIdentifier>
      </Filter>
   </ItemGroup>
   <ItemGroup>
      <Filter Include="etc">
         <UniqueIdentifier>{bcd2aa8a-5362-494a-abba-aeff0f3afa25}</UniqueIdentifier>
      </Filter>
   </ItemGroup>
   <ItemGroup>
      <Filter Include="etc\c">
         <UniqueIdentifier>{38bd3822-96ea-4a75-adf7-4389ab6dca4c}</UniqueIdentifier>
      </Filter>
   </ItemGroup>
   <ItemGroup>
      <Filter Include="etc\c\odbc">
         <UniqueIdentifier>{72c0cc3a-c946-400d-b022-02236a923d43}</UniqueIdentifier>
      </Filter>
   </ItemGroup>
   <ItemGroup>
      <Filter Include="etc\c\zlib">
         <UniqueIdentifier>{5884df15-a6c1-4610-833c-81e9f4172ca8}</UniqueIdentifier>
      </Filter>
   </ItemGroup>
   <ItemGroup>
      <DCompile Include="..\..\phobos\std\algorithm\comparison.d">
         <Filter>std\algorithm</Filter>
      </DCompile>
   </ItemGroup>
   <ItemGroup>
      <DCompile Include="..\..\phobos\std\algorithm\internal.d">
         <Filter>std\algorithm</Filter>
      </DCompile>
   </ItemGroup>
   <ItemGroup>
      <DCompile Include="..\..\phobos\std\algorithm\iteration.d">
         <Filter>std\algorithm</Filter>
      </DCompile>
   </ItemGroup>
   <ItemGroup>
      <DCompile Include="..\..\phobos\std\algorithm\mutation.d">
         <Filter>std\algorithm</Filter>
      </DCompile>
   </ItemGroup>
   <ItemGroup>
      <DCompile Include="..\..\phobos\std\algorithm\package.d">
         <Filter>std\algorithm</Filter>
      </DCompile>
   </ItemGroup>
   <ItemGroup>
      <DCompile Include="..\..\phobos\std\algorithm\searching.d">
         <Filter>std\algorithm</Filter>
      </DCompile>
   </ItemGroup>
   <ItemGroup>
      <DCompile Include="..\..\phobos\std\algorithm\setops.d">
         <Filter>std\algorithm</Filter>
      </DCompile>
   </ItemGroup>
   <ItemGroup>
      <DCompile Include="..\..\phobos\std\algorithm\sorting.d">
         <Filter>std\algorithm</Filter>
      </DCompile>
   </ItemGroup>
   <ItemGroup>
      <DCompile Include="..\..\phobos\std\array.d">
         <Filter>std</Filter>
      </DCompile>
   </ItemGroup>
   <ItemGroup>
      <DCompile Include="..\..\phobos\std\ascii.d">
         <Filter>std</Filter>
      </DCompile>
   </ItemGroup>
   <ItemGroup>
      <DCompile Include="..\..\phobos\std\base64.d">
         <Filter>std</Filter>
      </DCompile>
   </ItemGroup>
   <ItemGroup>
      <DCompile Include="..\..\phobos\std\bigint.d">
         <Filter>std</Filter>
      </DCompile>
   </ItemGroup>
   <ItemGroup>
      <DCompile Include="..\..\phobos\std\bitmanip.d">
         <Filter>std</Filter>
      </DCompile>
   </ItemGroup>
   <ItemGroup>
      <DCompile Include="..\..\phobos\std\compiler.d">
         <Filter>std</Filter>
      </DCompile>
   </ItemGroup>
   <ItemGroup>
      <DCompile Include="..\..\phobos\std\complex.d">
         <Filter>std</Filter>
      </DCompile>
   </ItemGroup>
   <ItemGroup>
      <DCompile Include="..\..\phobos\std\concurrency.d">
         <Filter>std</Filter>
      </DCompile>
   </ItemGroup>
   <ItemGroup>
      <DCompile Include="..\..\phobos\std\container\array.d">
         <Filter>std\container</Filter>
      </DCompile>
   </ItemGroup>
   <ItemGroup>
      <DCompile Include="..\..\phobos\std\container\binaryheap.d">
         <Filter>std\container</Filter>
      </DCompile>
   </ItemGroup>
   <ItemGroup>
      <DCompile Include="..\..\phobos\std\container\dlist.d">
         <Filter>std\container</Filter>
      </DCompile>
   </ItemGroup>
   <ItemGroup>
      <DCompile Include="..\..\phobos\std\container\package.d">
         <Filter>std\container</Filter>
      </DCompile>
   </ItemGroup>
   <ItemGroup>
      <DCompile Include="..\..\phobos\std\container\rbtree.d">
         <Filter>std\container</Filter>
      </DCompile>
   </ItemGroup>
   <ItemGroup>
      <DCompile Include="..\..\phobos\std\container\slist.d">
         <Filter>std\container</Filter>
      </DCompile>
   </ItemGroup>
   <ItemGroup>
      <DCompile Include="..\..\phobos\std\container\util.d">
         <Filter>std\container</Filter>
      </DCompile>
   </ItemGroup>
   <ItemGroup>
      <DCompile Include="..\..\phobos\std\conv.d">
         <Filter>std</Filter>
      </DCompile>
   </ItemGroup>
   <ItemGroup>
      <DCompile Include="..\..\phobos\std\csv.d">
         <Filter>std</Filter>
      </DCompile>
   </ItemGroup>
   <ItemGroup>
      <DCompile Include="..\..\phobos\std\datetime\date.d">
         <Filter>std\datetime</Filter>
      </DCompile>
   </ItemGroup>
   <ItemGroup>
      <DCompile Include="..\..\phobos\std\datetime\interval.d">
         <Filter>std\datetime</Filter>
      </DCompile>
   </ItemGroup>
   <ItemGroup>
      <DCompile Include="..\..\phobos\std\datetime\package.d">
         <Filter>std\datetime</Filter>
      </DCompile>
   </ItemGroup>
   <ItemGroup>
      <DCompile Include="..\..\phobos\std\datetime\stopwatch.d">
         <Filter>std\datetime</Filter>
      </DCompile>
   </ItemGroup>
   <ItemGroup>
      <DCompile Include="..\..\phobos\std\datetime\systime.d">
         <Filter>std\datetime</Filter>
      </DCompile>
   </ItemGroup>
   <ItemGroup>
      <DCompile Include="..\..\phobos\std\datetime\timezone.d">
         <Filter>std\datetime</Filter>
      </DCompile>
   </ItemGroup>
   <ItemGroup>
      <DCompile Include="..\..\phobos\std\demangle.d">
         <Filter>std</Filter>
      </DCompile>
   </ItemGroup>
   <ItemGroup>
      <DCompile Include="..\..\phobos\std\digest\crc.d">
         <Filter>std\digest</Filter>
      </DCompile>
   </ItemGroup>
   <ItemGroup>
      <DCompile Include="..\..\phobos\std\digest\digest.d">
         <Filter>std\digest</Filter>
      </DCompile>
   </ItemGroup>
   <ItemGroup>
      <DCompile Include="..\..\phobos\std\digest\hmac.d">
         <Filter>std\digest</Filter>
      </DCompile>
   </ItemGroup>
   <ItemGroup>
      <DCompile Include="..\..\phobos\std\digest\md.d">
         <Filter>std\digest</Filter>
      </DCompile>
   </ItemGroup>
   <ItemGroup>
      <DCompile Include="..\..\phobos\std\digest\murmurhash.d">
         <Filter>std\digest</Filter>
      </DCompile>
   </ItemGroup>
   <ItemGroup>
      <DCompile Include="..\..\phobos\std\digest\package.d">
         <Filter>std\digest</Filter>
      </DCompile>
   </ItemGroup>
   <ItemGroup>
      <DCompile Include="..\..\phobos\std\digest\ripemd.d">
         <Filter>std\digest</Filter>
      </DCompile>
   </ItemGroup>
   <ItemGroup>
      <DCompile Include="..\..\phobos\std\digest\sha.d">
         <Filter>std\digest</Filter>
      </DCompile>
   </ItemGroup>
   <ItemGroup>
      <DCompile Include="..\..\phobos\std\encoding.d">
         <Filter>std</Filter>
      </DCompile>
   </ItemGroup>
   <ItemGroup>
      <DCompile Include="..\..\phobos\std\exception.d">
         <Filter>std</Filter>
      </DCompile>
   </ItemGroup>
   <ItemGroup>
      <DCompile Include="..\..\phobos\std\experimental\all.d">
         <Filter>std\experimental</Filter>
      </DCompile>
   </ItemGroup>
   <ItemGroup>
      <DCompile Include="..\..\phobos\std\experimental\allocator\building_blocks\affix_allocator.d">
         <Filter>std\experimental\allocator\building_blocks</Filter>
      </DCompile>
   </ItemGroup>
   <ItemGroup>
      <DCompile Include="..\..\phobos\std\experimental\allocator\building_blocks\aligned_block_list.d">
         <Filter>std\experimental\allocator\building_blocks</Filter>
      </DCompile>
   </ItemGroup>
   <ItemGroup>
      <DCompile Include="..\..\phobos\std\experimental\allocator\building_blocks\allocator_list.d">
         <Filter>std\experimental\allocator\building_blocks</Filter>
      </DCompile>
   </ItemGroup>
   <ItemGroup>
      <DCompile Include="..\..\phobos\std\experimental\allocator\building_blocks\ascending_page_allocator.d">
         <Filter>std\experimental\allocator\building_blocks</Filter>
      </DCompile>
   </ItemGroup>
   <ItemGroup>
      <DCompile Include="..\..\phobos\std\experimental\allocator\building_blocks\bitmapped_block.d">
         <Filter>std\experimental\allocator\building_blocks</Filter>
      </DCompile>
   </ItemGroup>
   <ItemGroup>
      <DCompile Include="..\..\phobos\std\experimental\allocator\building_blocks\bucketizer.d">
         <Filter>std\experimental\allocator\building_blocks</Filter>
      </DCompile>
   </ItemGroup>
   <ItemGroup>
      <DCompile Include="..\..\phobos\std\experimental\allocator\building_blocks\fallback_allocator.d">
         <Filter>std\experimental\allocator\building_blocks</Filter>
      </DCompile>
   </ItemGroup>
   <ItemGroup>
      <DCompile Include="..\..\phobos\std\experimental\allocator\building_blocks\free_list.d">
         <Filter>std\experimental\allocator\building_blocks</Filter>
      </DCompile>
   </ItemGroup>
   <ItemGroup>
      <DCompile Include="..\..\phobos\std\experimental\allocator\building_blocks\free_tree.d">
         <Filter>std\experimental\allocator\building_blocks</Filter>
      </DCompile>
   </ItemGroup>
   <ItemGroup>
      <DCompile Include="..\..\phobos\std\experimental\allocator\building_blocks\kernighan_ritchie.d">
         <Filter>std\experimental\allocator\building_blocks</Filter>
      </DCompile>
   </ItemGroup>
   <ItemGroup>
      <DCompile Include="..\..\phobos\std\experimental\allocator\building_blocks\null_allocator.d">
         <Filter>std\experimental\allocator\building_blocks</Filter>
      </DCompile>
   </ItemGroup>
   <ItemGroup>
      <DCompile Include="..\..\phobos\std\experimental\allocator\building_blocks\package.d">
         <Filter>std\experimental\allocator\building_blocks</Filter>
      </DCompile>
   </ItemGroup>
   <ItemGroup>
      <DCompile Include="..\..\phobos\std\experimental\allocator\building_blocks\quantizer.d">
         <Filter>std\experimental\allocator\building_blocks</Filter>
      </DCompile>
   </ItemGroup>
   <ItemGroup>
      <DCompile Include="..\..\phobos\std\experimental\allocator\building_blocks\region.d">
         <Filter>std\experimental\allocator\building_blocks</Filter>
      </DCompile>
   </ItemGroup>
   <ItemGroup>
      <DCompile Include="..\..\phobos\std\experimental\allocator\building_blocks\scoped_allocator.d">
         <Filter>std\experimental\allocator\building_blocks</Filter>
      </DCompile>
   </ItemGroup>
   <ItemGroup>
      <DCompile Include="..\..\phobos\std\experimental\allocator\building_blocks\segregator.d">
         <Filter>std\experimental\allocator\building_blocks</Filter>
      </DCompile>
   </ItemGroup>
   <ItemGroup>
      <DCompile Include="..\..\phobos\std\experimental\allocator\building_blocks\stats_collector.d">
         <Filter>std\experimental\allocator\building_blocks</Filter>
      </DCompile>
   </ItemGroup>
   <ItemGroup>
      <DCompile Include="..\..\phobos\std\experimental\allocator\common.d">
         <Filter>std\experimental\allocator</Filter>
      </DCompile>
   </ItemGroup>
   <ItemGroup>
      <DCompile Include="..\..\phobos\std\experimental\allocator\gc_allocator.d">
         <Filter>std\experimental\allocator</Filter>
      </DCompile>
   </ItemGroup>
   <ItemGroup>
      <DCompile Include="..\..\phobos\std\experimental\allocator\mallocator.d">
         <Filter>std\experimental\allocator</Filter>
      </DCompile>
   </ItemGroup>
   <ItemGroup>
      <DCompile Include="..\..\phobos\std\experimental\allocator\mmap_allocator.d">
         <Filter>std\experimental\allocator</Filter>
      </DCompile>
   </ItemGroup>
   <ItemGroup>
      <DCompile Include="..\..\phobos\std\experimental\allocator\package.d">
         <Filter>std\experimental\allocator</Filter>
      </DCompile>
   </ItemGroup>
   <ItemGroup>
      <DCompile Include="..\..\phobos\std\experimental\allocator\showcase.d">
         <Filter>std\experimental\allocator</Filter>
      </DCompile>
   </ItemGroup>
   <ItemGroup>
      <DCompile Include="..\..\phobos\std\experimental\allocator\typed.d">
         <Filter>std\experimental\allocator</Filter>
      </DCompile>
   </ItemGroup>
   <ItemGroup>
      <DCompile Include="..\..\phobos\std\experimental\checkedint.d">
         <Filter>std\experimental</Filter>
      </DCompile>
   </ItemGroup>
   <ItemGroup>
      <DCompile Include="..\..\phobos\std\experimental\logger\core.d">
         <Filter>std\experimental\logger</Filter>
      </DCompile>
   </ItemGroup>
   <ItemGroup>
      <DCompile Include="..\..\phobos\std\experimental\logger\filelogger.d">
         <Filter>std\experimental\logger</Filter>
      </DCompile>
   </ItemGroup>
   <ItemGroup>
      <DCompile Include="..\..\phobos\std\experimental\logger\multilogger.d">
         <Filter>std\experimental\logger</Filter>
      </DCompile>
   </ItemGroup>
   <ItemGroup>
      <DCompile Include="..\..\phobos\std\experimental\logger\nulllogger.d">
         <Filter>std\experimental\logger</Filter>
      </DCompile>
   </ItemGroup>
   <ItemGroup>
      <DCompile Include="..\..\phobos\std\experimental\logger\package.d">
         <Filter>std\experimental\logger</Filter>
      </DCompile>
   </ItemGroup>
   <ItemGroup>
      <DCompile Include="..\..\phobos\std\experimental\typecons.d">
         <Filter>std\experimental</Filter>
      </DCompile>
   </ItemGroup>
   <ItemGroup>
      <DCompile Include="..\..\phobos\std\file.d">
         <Filter>std</Filter>
      </DCompile>
   </ItemGroup>
   <ItemGroup>
      <DCompile Include="..\..\phobos\std\format.d">
         <Filter>std</Filter>
      </DCompile>
   </ItemGroup>
   <ItemGroup>
      <DCompile Include="..\..\phobos\std\functional.d">
         <Filter>std</Filter>
      </DCompile>
   </ItemGroup>
   <ItemGroup>
      <DCompile Include="..\..\phobos\std\getopt.d">
         <Filter>std</Filter>
      </DCompile>
   </ItemGroup>
   <ItemGroup>
      <DCompile Include="..\..\phobos\std\internal\attributes.d">
         <Filter>std\internal</Filter>
      </DCompile>
   </ItemGroup>
   <ItemGroup>
      <DCompile Include="..\..\phobos\std\internal\cstring.d">
         <Filter>std\internal</Filter>
      </DCompile>
   </ItemGroup>
   <ItemGroup>
      <DCompile Include="..\..\phobos\std\internal\digest\sha_SSSE3.d">
         <Filter>std\internal\digest</Filter>
      </DCompile>
   </ItemGroup>
   <ItemGroup>
      <DCompile Include="..\..\phobos\std\internal\math\biguintcore.d">
         <Filter>std\internal\math</Filter>
      </DCompile>
   </ItemGroup>
   <ItemGroup>
      <DCompile Include="..\..\phobos\std\internal\math\biguintnoasm.d">
         <Filter>std\internal\math</Filter>
      </DCompile>
   </ItemGroup>
   <ItemGroup>
      <DCompile Include="..\..\phobos\std\internal\math\biguintx86.d">
         <Filter>std\internal\math</Filter>
      </DCompile>
   </ItemGroup>
   <ItemGroup>
      <DCompile Include="..\..\phobos\std\internal\math\errorfunction.d">
         <Filter>std\internal\math</Filter>
      </DCompile>
   </ItemGroup>
   <ItemGroup>
      <DCompile Include="..\..\phobos\std\internal\math\gammafunction.d">
         <Filter>std\internal\math</Filter>
      </DCompile>
   </ItemGroup>
   <ItemGroup>
      <DCompile Include="..\..\phobos\std\internal\memory.d">
         <Filter>std\internal</Filter>
      </DCompile>
   </ItemGroup>
   <ItemGroup>
      <DCompile Include="..\..\phobos\std\internal\scopebuffer.d">
         <Filter>std\internal</Filter>
      </DCompile>
   </ItemGroup>
   <ItemGroup>
      <DCompile Include="..\..\phobos\std\internal\test\dummyrange.d">
         <Filter>std\internal\test</Filter>
      </DCompile>
   </ItemGroup>
   <ItemGroup>
      <DCompile Include="..\..\phobos\std\internal\test\range.d">
         <Filter>std\internal\test</Filter>
      </DCompile>
   </ItemGroup>
   <ItemGroup>
      <DCompile Include="..\..\phobos\std\internal\test\uda.d">
         <Filter>std\internal\test</Filter>
      </DCompile>
   </ItemGroup>
   <ItemGroup>
      <DCompile Include="..\..\phobos\std\internal\unicode_comp.d">
         <Filter>std\internal</Filter>
      </DCompile>
   </ItemGroup>
   <ItemGroup>
      <DCompile Include="..\..\phobos\std\internal\unicode_decomp.d">
         <Filter>std\internal</Filter>
      </DCompile>
   </ItemGroup>
   <ItemGroup>
      <DCompile Include="..\..\phobos\std\internal\unicode_grapheme.d">
         <Filter>std\internal</Filter>
      </DCompile>
   </ItemGroup>
   <ItemGroup>
      <DCompile Include="..\..\phobos\std\internal\unicode_norm.d">
         <Filter>std\internal</Filter>
      </DCompile>
   </ItemGroup>
   <ItemGroup>
      <DCompile Include="..\..\phobos\std\internal\unicode_tables.d">
         <Filter>std\internal</Filter>
      </DCompile>
   </ItemGroup>
   <ItemGroup>
      <DCompile Include="..\..\phobos\std\internal\windows\advapi32.d">
         <Filter>std\internal\windows</Filter>
      </DCompile>
   </ItemGroup>
   <ItemGroup>
      <DCompile Include="..\..\phobos\std\json.d">
         <Filter>std</Filter>
      </DCompile>
   </ItemGroup>
   <ItemGroup>
      <DCompile Include="..\..\phobos\std\math.d">
         <Filter>std</Filter>
      </DCompile>
   </ItemGroup>
   <ItemGroup>
      <DCompile Include="..\..\phobos\std\mathspecial.d">
         <Filter>std</Filter>
      </DCompile>
   </ItemGroup>
   <ItemGroup>
      <DCompile Include="..\..\phobos\std\meta.d">
         <Filter>std</Filter>
      </DCompile>
   </ItemGroup>
   <ItemGroup>
      <DCompile Include="..\..\phobos\std\mmfile.d">
         <Filter>std</Filter>
      </DCompile>
   </ItemGroup>
   <ItemGroup>
      <DCompile Include="..\..\phobos\std\net\curl.d">
         <Filter>std\net</Filter>
      </DCompile>
   </ItemGroup>
   <ItemGroup>
      <DCompile Include="..\..\phobos\std\net\isemail.d">
         <Filter>std\net</Filter>
      </DCompile>
   </ItemGroup>
   <ItemGroup>
      <DCompile Include="..\..\phobos\std\numeric.d">
         <Filter>std</Filter>
      </DCompile>
   </ItemGroup>
   <ItemGroup>
      <DCompile Include="..\..\phobos\std\outbuffer.d">
         <Filter>std</Filter>
      </DCompile>
   </ItemGroup>
   <ItemGroup>
      <DCompile Include="..\..\phobos\std\package.d">
         <Filter>std</Filter>
      </DCompile>
   </ItemGroup>
   <ItemGroup>
      <DCompile Include="..\..\phobos\std\parallelism.d">
         <Filter>std</Filter>
      </DCompile>
   </ItemGroup>
   <ItemGroup>
      <DCompile Include="..\..\phobos\std\path.d">
         <Filter>std</Filter>
      </DCompile>
   </ItemGroup>
   <ItemGroup>
      <DCompile Include="..\..\phobos\std\process.d">
         <Filter>std</Filter>
      </DCompile>
   </ItemGroup>
   <ItemGroup>
      <DCompile Include="..\..\phobos\std\random.d">
         <Filter>std</Filter>
      </DCompile>
   </ItemGroup>
   <ItemGroup>
      <DCompile Include="..\..\phobos\std\range\interfaces.d">
         <Filter>std\range</Filter>
      </DCompile>
   </ItemGroup>
   <ItemGroup>
      <DCompile Include="..\..\phobos\std\range\package.d">
         <Filter>std\range</Filter>
      </DCompile>
   </ItemGroup>
   <ItemGroup>
      <DCompile Include="..\..\phobos\std\range\primitives.d">
         <Filter>std\range</Filter>
      </DCompile>
   </ItemGroup>
   <ItemGroup>
      <DCompile Include="..\..\phobos\std\regex\internal\backtracking.d">
         <Filter>std\regex\internal</Filter>
      </DCompile>
   </ItemGroup>
   <ItemGroup>
      <DCompile Include="..\..\phobos\std\regex\internal\generator.d">
         <Filter>std\regex\internal</Filter>
      </DCompile>
   </ItemGroup>
   <ItemGroup>
      <DCompile Include="..\..\phobos\std\regex\internal\ir.d">
         <Filter>std\regex\internal</Filter>
      </DCompile>
   </ItemGroup>
   <ItemGroup>
      <DCompile Include="..\..\phobos\std\regex\internal\kickstart.d">
         <Filter>std\regex\internal</Filter>
      </DCompile>
   </ItemGroup>
   <ItemGroup>
      <DCompile Include="..\..\phobos\std\regex\internal\parser.d">
         <Filter>std\regex\internal</Filter>
      </DCompile>
   </ItemGroup>
   <ItemGroup>
      <DCompile Include="..\..\phobos\std\regex\internal\tests.d">
         <Filter>std\regex\internal</Filter>
      </DCompile>
   </ItemGroup>
   <ItemGroup>
      <DCompile Include="..\..\phobos\std\regex\internal\tests2.d">
         <Filter>std\regex\internal</Filter>
      </DCompile>
   </ItemGroup>
   <ItemGroup>
      <DCompile Include="..\..\phobos\std\regex\internal\thompson.d">
         <Filter>std\regex\internal</Filter>
      </DCompile>
   </ItemGroup>
   <ItemGroup>
      <DCompile Include="..\..\phobos\std\regex\package.d">
         <Filter>std\regex</Filter>
      </DCompile>
   </ItemGroup>
   <ItemGroup>
      <DCompile Include="..\..\phobos\std\signals.d">
         <Filter>std</Filter>
      </DCompile>
   </ItemGroup>
   <ItemGroup>
      <DCompile Include="..\..\phobos\std\socket.d">
         <Filter>std</Filter>
      </DCompile>
   </ItemGroup>
   <ItemGroup>
      <DCompile Include="..\..\phobos\std\stdint.d">
         <Filter>std</Filter>
      </DCompile>
   </ItemGroup>
   <ItemGroup>
      <DCompile Include="..\..\phobos\std\stdio.d">
         <Filter>std</Filter>
      </DCompile>
   </ItemGroup>
   <ItemGroup>
      <DCompile Include="..\..\phobos\std\string.d">
         <Filter>std</Filter>
      </DCompile>
   </ItemGroup>
   <ItemGroup>
      <DCompile Include="..\..\phobos\std\system.d">
         <Filter>std</Filter>
      </DCompile>
   </ItemGroup>
   <ItemGroup>
      <DCompile Include="..\..\phobos\std\traits.d">
         <Filter>std</Filter>
      </DCompile>
   </ItemGroup>
   <ItemGroup>
      <DCompile Include="..\..\phobos\std\typecons.d">
         <Filter>std</Filter>
      </DCompile>
   </ItemGroup>
   <ItemGroup>
      <DCompile Include="..\..\phobos\std\typetuple.d">
         <Filter>std</Filter>
      </DCompile>
   </ItemGroup>
   <ItemGroup>
      <DCompile Include="..\..\phobos\std\uni.d">
         <Filter>std</Filter>
      </DCompile>
   </ItemGroup>
   <ItemGroup>
      <DCompile Include="..\..\phobos\std\uri.d">
         <Filter>std</Filter>
      </DCompile>
   </ItemGroup>
   <ItemGroup>
      <DCompile Include="..\..\phobos\std\utf.d">
         <Filter>std</Filter>
      </DCompile>
   </ItemGroup>
   <ItemGroup>
      <DCompile Include="..\..\phobos\std\uuid.d">
         <Filter>std</Filter>
      </DCompile>
   </ItemGroup>
   <ItemGroup>
      <DCompile Include="..\..\phobos\std\variant.d">
         <Filter>std</Filter>
      </DCompile>
   </ItemGroup>
   <ItemGroup>
      <DCompile Include="..\..\phobos\std\windows\charset.d">
         <Filter>std\windows</Filter>
      </DCompile>
   </ItemGroup>
   <ItemGroup>
      <DCompile Include="..\..\phobos\std\windows\registry.d">
         <Filter>std\windows</Filter>
      </DCompile>
   </ItemGroup>
   <ItemGroup>
      <DCompile Include="..\..\phobos\std\windows\syserror.d">
         <Filter>std\windows</Filter>
      </DCompile>
   </ItemGroup>
   <ItemGroup>
      <DCompile Include="..\..\phobos\std\xml.d">
         <Filter>std</Filter>
      </DCompile>
   </ItemGroup>
   <ItemGroup>
      <DCompile Include="..\..\phobos\std\zip.d">
         <Filter>std</Filter>
      </DCompile>
   </ItemGroup>
   <ItemGroup>
      <DCompile Include="..\..\phobos\std\zlib.d">
         <Filter>std</Filter>
      </DCompile>
   </ItemGroup>
   <ItemGroup>
      <DCompile Include="..\..\phobos\etc\c\curl.d">
         <Filter>etc\c</Filter>
      </DCompile>
   </ItemGroup>
   <ItemGroup>
      <DCompile Include="..\..\phobos\etc\c\odbc\sql.d">
         <Filter>etc\c\odbc</Filter>
      </DCompile>
   </ItemGroup>
   <ItemGroup>
      <DCompile Include="..\..\phobos\etc\c\odbc\sqlext.d">
         <Filter>etc\c\odbc</Filter>
      </DCompile>
   </ItemGroup>
   <ItemGroup>
      <DCompile Include="..\..\phobos\etc\c\odbc\sqltypes.d">
         <Filter>etc\c\odbc</Filter>
      </DCompile>
   </ItemGroup>
   <ItemGroup>
      <DCompile Include="..\..\phobos\etc\c\odbc\sqlucode.d">
         <Filter>etc\c\odbc</Filter>
      </DCompile>
   </ItemGroup>
   <ItemGroup>
      <DCompile Include="..\..\phobos\etc\c\sqlite3.d">
         <Filter>etc\c</Filter>
      </DCompile>
   </ItemGroup>
   <ItemGroup>
      <ClCompile Include="..\..\phobos\etc\c\zlib\adler32.c">
         <Filter>etc\c\zlib</Filter>
      </ClCompile>
   </ItemGroup>
   <ItemGroup>
      <ClCompile Include="..\..\phobos\etc\c\zlib\compress.c">
         <Filter>etc\c\zlib</Filter>
      </ClCompile>
   </ItemGroup>
   <ItemGroup>
      <ClCompile Include="..\..\phobos\etc\c\zlib\crc32.c">
         <Filter>etc\c\zlib</Filter>
      </ClCompile>
   </ItemGroup>
   <ItemGroup>
      <ClInclude Include="..\..\phobos\etc\c\zlib\crc32.h">
         <Filter>etc\c\zlib</Filter>
      </ClInclude>
   </ItemGroup>
   <ItemGroup>
      <ClCompile Include="..\..\phobos\etc\c\zlib\deflate.c">
         <Filter>etc\c\zlib</Filter>
      </ClCompile>
   </ItemGroup>
   <ItemGroup>
      <ClInclude Include="..\..\phobos\etc\c\zlib\deflate.h">
         <Filter>etc\c\zlib</Filter>
      </ClInclude>
   </ItemGroup>
   <ItemGroup>
      <ClCompile Include="..\..\phobos\etc\c\zlib\example.c">
         <Filter>etc\c\zlib</Filter>
      </ClCompile>
   </ItemGroup>
   <ItemGroup>
      <ClCompile Include="..\..\phobos\etc\c\zlib\gzclose.c">
         <Filter>etc\c\zlib</Filter>
      </ClCompile>
   </ItemGroup>
   <ItemGroup>
      <ClInclude Include="..\..\phobos\etc\c\zlib\gzguts.h">
         <Filter>etc\c\zlib</Filter>
      </ClInclude>
   </ItemGroup>
   <ItemGroup>
      <ClCompile Include="..\..\phobos\etc\c\zlib\gzlib.c">
         <Filter>etc\c\zlib</Filter>
      </ClCompile>
   </ItemGroup>
   <ItemGroup>
      <ClCompile Include="..\..\phobos\etc\c\zlib\gzread.c">
         <Filter>etc\c\zlib</Filter>
      </ClCompile>
   </ItemGroup>
   <ItemGroup>
      <ClCompile Include="..\..\phobos\etc\c\zlib\gzwrite.c">
         <Filter>etc\c\zlib</Filter>
      </ClCompile>
   </ItemGroup>
   <ItemGroup>
      <ClCompile Include="..\..\phobos\etc\c\zlib\infback.c">
         <Filter>etc\c\zlib</Filter>
      </ClCompile>
   </ItemGroup>
   <ItemGroup>
      <ClCompile Include="..\..\phobos\etc\c\zlib\inffast.c">
         <Filter>etc\c\zlib</Filter>
      </ClCompile>
   </ItemGroup>
   <ItemGroup>
      <ClInclude Include="..\..\phobos\etc\c\zlib\inffast.h">
         <Filter>etc\c\zlib</Filter>
      </ClInclude>
   </ItemGroup>
   <ItemGroup>
      <ClInclude Include="..\..\phobos\etc\c\zlib\inffixed.h">
         <Filter>etc\c\zlib</Filter>
      </ClInclude>
   </ItemGroup>
   <ItemGroup>
      <ClCompile Include="..\..\phobos\etc\c\zlib\inflate.c">
         <Filter>etc\c\zlib</Filter>
      </ClCompile>
   </ItemGroup>
   <ItemGroup>
      <ClInclude Include="..\..\phobos\etc\c\zlib\inflate.h">
         <Filter>etc\c\zlib</Filter>
      </ClInclude>
   </ItemGroup>
   <ItemGroup>
      <ClCompile Include="..\..\phobos\etc\c\zlib\inftrees.c">
         <Filter>etc\c\zlib</Filter>
      </ClCompile>
   </ItemGroup>
   <ItemGroup>
      <ClInclude Include="..\..\phobos\etc\c\zlib\inftrees.h">
         <Filter>etc\c\zlib</Filter>
      </ClInclude>
   </ItemGroup>
   <ItemGroup>
      <ClCompile Include="..\..\phobos\etc\c\zlib\minigzip.c">
         <Filter>etc\c\zlib</Filter>
      </ClCompile>
   </ItemGroup>
   <ItemGroup>
      <ClCompile Include="..\..\phobos\etc\c\zlib\trees.c">
         <Filter>etc\c\zlib</Filter>
      </ClCompile>
   </ItemGroup>
   <ItemGroup>
      <ClInclude Include="..\..\phobos\etc\c\zlib\trees.h">
         <Filter>etc\c\zlib</Filter>
      </ClInclude>
   </ItemGroup>
   <ItemGroup>
      <ClCompile Include="..\..\phobos\etc\c\zlib\uncompr.c">
         <Filter>etc\c\zlib</Filter>
      </ClCompile>
   </ItemGroup>
   <ItemGroup>
      <ClInclude Include="..\..\phobos\etc\c\zlib\zconf.h">
         <Filter>etc\c\zlib</Filter>
      </ClInclude>
   </ItemGroup>
   <ItemGroup>
      <ClInclude Include="..\..\phobos\etc\c\zlib\zlib.h">
         <Filter>etc\c\zlib</Filter>
      </ClInclude>
   </ItemGroup>
   <ItemGroup>
      <ClCompile Include="..\..\phobos\etc\c\zlib\zutil.c">
         <Filter>etc\c\zlib</Filter>
      </ClCompile>
   </ItemGroup>
   <ItemGroup>
      <ClInclude Include="..\..\phobos\etc\c\zlib\zutil.h">
         <Filter>etc\c\zlib</Filter>
      </ClInclude>
   </ItemGroup>
   <ItemGroup>
      <DCompile Include="..\..\phobos\etc\c\zlib.d">
         <Filter>etc\c</Filter>
      </DCompile>
   </ItemGroup>
</Project>
